// !$*UTF8*$!
{
	archiveVersion = 1;
	classes = {
	};
	objectVersion = 46;
	objects = {

/* Begin PBXBuildFile section */
		0E2203101F2FF31C007210A4 /* libsqlite3.tbd in Frameworks */ = {isa = PBXBuildFile; fileRef = 0E97D6EE1F2DA71F00F23DD8 /* libsqlite3.tbd */; };
		0E2203141F2FF562007210A4 /* TestSelectModel.m in Sources */ = {isa = PBXBuildFile; fileRef = 0E2203131F2FF562007210A4 /* TestSelectModel.m */; };
		0E2A1A771F42E70A007636B5 /* AnswerModel.m in Sources */ = {isa = PBXBuildFile; fileRef = 0E2A1A761F42E70A007636B5 /* AnswerModel.m */; };
		0E2A1A7A1F42EAC8007636B5 /* Tools.m in Sources */ = {isa = PBXBuildFile; fileRef = 0E2A1A791F42EAC8007636B5 /* Tools.m */; };
		0E43DD7B1F256BF900D1B504 /* FirstViewController.m in Sources */ = {isa = PBXBuildFile; fileRef = 0E43DD7A1F256BF900D1B504 /* FirstViewController.m */; };
		0E97D40D1F26B65300F23DD8 /* FirstTableViewCell.m in Sources */ = {isa = PBXBuildFile; fileRef = 0E97D40B1F26B65300F23DD8 /* FirstTableViewCell.m */; };
		0E97D40E1F26B65300F23DD8 /* FirstTableViewCell.xib in Resources */ = {isa = PBXBuildFile; fileRef = 0E97D40C1F26B65300F23DD8 /* FirstTableViewCell.xib */; };
		0E97D41E1F295A4900F23DD8 /* TestSelectViewController.m in Sources */ = {isa = PBXBuildFile; fileRef = 0E97D41D1F295A4900F23DD8 /* TestSelectViewController.m */; };
		0E97D4221F295F0500F23DD8 /* TestSelectTableViewCell.m in Sources */ = {isa = PBXBuildFile; fileRef = 0E97D4201F295F0500F23DD8 /* TestSelectTableViewCell.m */; };
		0E97D4231F295F0500F23DD8 /* TestSelectTableViewCell.xib in Resources */ = {isa = PBXBuildFile; fileRef = 0E97D4211F295F0500F23DD8 /* TestSelectTableViewCell.xib */; };
		0E97D64A1F2D9CD500F23DD8 /* 203.png in Resources */ = {isa = PBXBuildFile; fileRef = 0E97D5A11F2D9CD400F23DD8 /* 203.png */; };
		0E97D64B1F2D9CD500F23DD8 /* 204.png in Resources */ = {isa = PBXBuildFile; fileRef = 0E97D5A21F2D9CD400F23DD8 /* 204.png */; };
		0E97D64C1F2D9CD500F23DD8 /* 205.png in Resources */ = {isa = PBXBuildFile; fileRef = 0E97D5A31F2D9CD400F23DD8 /* 205.png */; };
		0E97D64D1F2D9CD500F23DD8 /* 206.png in Resources */ = {isa = PBXBuildFile; fileRef = 0E97D5A41F2D9CD400F23DD8 /* 206.png */; };
		0E97D64E1F2D9CD500F23DD8 /* 207.png in Resources */ = {isa = PBXBuildFile; fileRef = 0E97D5A51F2D9CD400F23DD8 /* 207.png */; };
		0E97D64F1F2D9CD500F23DD8 /* 208.png in Resources */ = {isa = PBXBuildFile; fileRef = 0E97D5A61F2D9CD400F23DD8 /* 208.png */; };
		0E97D6501F2D9CD500F23DD8 /* 209.png in Resources */ = {isa = PBXBuildFile; fileRef = 0E97D5A71F2D9CD400F23DD8 /* 209.png */; };
		0E97D6511F2D9CD500F23DD8 /* 210.png in Resources */ = {isa = PBXBuildFile; fileRef = 0E97D5A81F2D9CD400F23DD8 /* 210.png */; };
		0E97D6521F2D9CD500F23DD8 /* 211.png in Resources */ = {isa = PBXBuildFile; fileRef = 0E97D5A91F2D9CD400F23DD8 /* 211.png */; };
		0E97D6531F2D9CD500F23DD8 /* 212.png in Resources */ = {isa = PBXBuildFile; fileRef = 0E97D5AA1F2D9CD400F23DD8 /* 212.png */; };
		0E97D6541F2D9CD500F23DD8 /* 213.png in Resources */ = {isa = PBXBuildFile; fileRef = 0E97D5AB1F2D9CD400F23DD8 /* 213.png */; };
		0E97D6551F2D9CD500F23DD8 /* 214.png in Resources */ = {isa = PBXBuildFile; fileRef = 0E97D5AC1F2D9CD400F23DD8 /* 214.png */; };
		0E97D6561F2D9CD500F23DD8 /* 215.png in Resources */ = {isa = PBXBuildFile; fileRef = 0E97D5AD1F2D9CD400F23DD8 /* 215.png */; };
		0E97D6571F2D9CD500F23DD8 /* 216.png in Resources */ = {isa = PBXBuildFile; fileRef = 0E97D5AE1F2D9CD400F23DD8 /* 216.png */; };
		0E97D6581F2D9CD500F23DD8 /* 217.png in Resources */ = {isa = PBXBuildFile; fileRef = 0E97D5AF1F2D9CD400F23DD8 /* 217.png */; };
		0E97D6591F2D9CD500F23DD8 /* 218.png in Resources */ = {isa = PBXBuildFile; fileRef = 0E97D5B01F2D9CD400F23DD8 /* 218.png */; };
		0E97D65A1F2D9CD500F23DD8 /* 219.png in Resources */ = {isa = PBXBuildFile; fileRef = 0E97D5B11F2D9CD400F23DD8 /* 219.png */; };
		0E97D65B1F2D9CD500F23DD8 /* 220.png in Resources */ = {isa = PBXBuildFile; fileRef = 0E97D5B21F2D9CD400F23DD8 /* 220.png */; };
		0E97D65C1F2D9CD500F23DD8 /* 221.png in Resources */ = {isa = PBXBuildFile; fileRef = 0E97D5B31F2D9CD400F23DD8 /* 221.png */; };
		0E97D65D1F2D9CD500F23DD8 /* 222.png in Resources */ = {isa = PBXBuildFile; fileRef = 0E97D5B41F2D9CD400F23DD8 /* 222.png */; };
		0E97D65E1F2D9CD500F23DD8 /* 223.png in Resources */ = {isa = PBXBuildFile; fileRef = 0E97D5B51F2D9CD400F23DD8 /* 223.png */; };
		0E97D65F1F2D9CD500F23DD8 /* 224.png in Resources */ = {isa = PBXBuildFile; fileRef = 0E97D5B61F2D9CD400F23DD8 /* 224.png */; };
		0E97D6601F2D9CD500F23DD8 /* 225.png in Resources */ = {isa = PBXBuildFile; fileRef = 0E97D5B71F2D9CD400F23DD8 /* 225.png */; };
		0E97D6611F2D9CD500F23DD8 /* 226.png in Resources */ = {isa = PBXBuildFile; fileRef = 0E97D5B81F2D9CD400F23DD8 /* 226.png */; };
		0E97D6621F2D9CD500F23DD8 /* 227.png in Resources */ = {isa = PBXBuildFile; fileRef = 0E97D5B91F2D9CD400F23DD8 /* 227.png */; };
		0E97D6631F2D9CD500F23DD8 /* 228.png in Resources */ = {isa = PBXBuildFile; fileRef = 0E97D5BA1F2D9CD400F23DD8 /* 228.png */; };
		0E97D6641F2D9CD500F23DD8 /* 229.png in Resources */ = {isa = PBXBuildFile; fileRef = 0E97D5BB1F2D9CD400F23DD8 /* 229.png */; };
		0E97D6651F2D9CD500F23DD8 /* 230.png in Resources */ = {isa = PBXBuildFile; fileRef = 0E97D5BC1F2D9CD400F23DD8 /* 230.png */; };
		0E97D6661F2D9CD500F23DD8 /* 231.png in Resources */ = {isa = PBXBuildFile; fileRef = 0E97D5BD1F2D9CD400F23DD8 /* 231.png */; };
		0E97D6671F2D9CD500F23DD8 /* 232.png in Resources */ = {isa = PBXBuildFile; fileRef = 0E97D5BE1F2D9CD400F23DD8 /* 232.png */; };
		0E97D6681F2D9CD500F23DD8 /* 233.png in Resources */ = {isa = PBXBuildFile; fileRef = 0E97D5BF1F2D9CD400F23DD8 /* 233.png */; };
		0E97D6691F2D9CD500F23DD8 /* 234.png in Resources */ = {isa = PBXBuildFile; fileRef = 0E97D5C01F2D9CD400F23DD8 /* 234.png */; };
		0E97D66A1F2D9CD500F23DD8 /* 235.png in Resources */ = {isa = PBXBuildFile; fileRef = 0E97D5C11F2D9CD400F23DD8 /* 235.png */; };
		0E97D66B1F2D9CD500F23DD8 /* 236.png in Resources */ = {isa = PBXBuildFile; fileRef = 0E97D5C21F2D9CD400F23DD8 /* 236.png */; };
		0E97D66C1F2D9CD500F23DD8 /* 237.png in Resources */ = {isa = PBXBuildFile; fileRef = 0E97D5C31F2D9CD400F23DD8 /* 237.png */; };
		0E97D66D1F2D9CD500F23DD8 /* 238.png in Resources */ = {isa = PBXBuildFile; fileRef = 0E97D5C41F2D9CD400F23DD8 /* 238.png */; };
		0E97D66E1F2D9CD500F23DD8 /* 239.png in Resources */ = {isa = PBXBuildFile; fileRef = 0E97D5C51F2D9CD400F23DD8 /* 239.png */; };
		0E97D66F1F2D9CD500F23DD8 /* 240.png in Resources */ = {isa = PBXBuildFile; fileRef = 0E97D5C61F2D9CD400F23DD8 /* 240.png */; };
		0E97D6701F2D9CD500F23DD8 /* 241.png in Resources */ = {isa = PBXBuildFile; fileRef = 0E97D5C71F2D9CD400F23DD8 /* 241.png */; };
		0E97D6711F2D9CD500F23DD8 /* 242.png in Resources */ = {isa = PBXBuildFile; fileRef = 0E97D5C81F2D9CD400F23DD8 /* 242.png */; };
		0E97D6721F2D9CD500F23DD8 /* 243.png in Resources */ = {isa = PBXBuildFile; fileRef = 0E97D5C91F2D9CD400F23DD8 /* 243.png */; };
		0E97D6731F2D9CD500F23DD8 /* 244.png in Resources */ = {isa = PBXBuildFile; fileRef = 0E97D5CA1F2D9CD400F23DD8 /* 244.png */; };
		0E97D6741F2D9CD500F23DD8 /* 245.png in Resources */ = {isa = PBXBuildFile; fileRef = 0E97D5CB1F2D9CD400F23DD8 /* 245.png */; };
		0E97D6751F2D9CD500F23DD8 /* 246.png in Resources */ = {isa = PBXBuildFile; fileRef = 0E97D5CC1F2D9CD400F23DD8 /* 246.png */; };
		0E97D6761F2D9CD500F23DD8 /* 247.png in Resources */ = {isa = PBXBuildFile; fileRef = 0E97D5CD1F2D9CD400F23DD8 /* 247.png */; };
		0E97D6771F2D9CD500F23DD8 /* 248.png in Resources */ = {isa = PBXBuildFile; fileRef = 0E97D5CE1F2D9CD400F23DD8 /* 248.png */; };
		0E97D6781F2D9CD500F23DD8 /* 249.png in Resources */ = {isa = PBXBuildFile; fileRef = 0E97D5CF1F2D9CD400F23DD8 /* 249.png */; };
		0E97D6791F2D9CD500F23DD8 /* 250.png in Resources */ = {isa = PBXBuildFile; fileRef = 0E97D5D01F2D9CD400F23DD8 /* 250.png */; };
		0E97D67A1F2D9CD500F23DD8 /* 251.png in Resources */ = {isa = PBXBuildFile; fileRef = 0E97D5D11F2D9CD400F23DD8 /* 251.png */; };
		0E97D67B1F2D9CD500F23DD8 /* 252.png in Resources */ = {isa = PBXBuildFile; fileRef = 0E97D5D21F2D9CD400F23DD8 /* 252.png */; };
		0E97D67C1F2D9CD500F23DD8 /* 253.png in Resources */ = {isa = PBXBuildFile; fileRef = 0E97D5D31F2D9CD400F23DD8 /* 253.png */; };
		0E97D67D1F2D9CD500F23DD8 /* 254.png in Resources */ = {isa = PBXBuildFile; fileRef = 0E97D5D41F2D9CD400F23DD8 /* 254.png */; };
		0E97D67E1F2D9CD500F23DD8 /* 255.png in Resources */ = {isa = PBXBuildFile; fileRef = 0E97D5D51F2D9CD400F23DD8 /* 255.png */; };
		0E97D67F1F2D9CD500F23DD8 /* 256.png in Resources */ = {isa = PBXBuildFile; fileRef = 0E97D5D61F2D9CD400F23DD8 /* 256.png */; };
		0E97D6801F2D9CD500F23DD8 /* 257.png in Resources */ = {isa = PBXBuildFile; fileRef = 0E97D5D71F2D9CD400F23DD8 /* 257.png */; };
		0E97D6811F2D9CD500F23DD8 /* 258.png in Resources */ = {isa = PBXBuildFile; fileRef = 0E97D5D81F2D9CD400F23DD8 /* 258.png */; };
		0E97D6821F2D9CD500F23DD8 /* 259.png in Resources */ = {isa = PBXBuildFile; fileRef = 0E97D5D91F2D9CD400F23DD8 /* 259.png */; };
		0E97D6831F2D9CD500F23DD8 /* 260.png in Resources */ = {isa = PBXBuildFile; fileRef = 0E97D5DA1F2D9CD400F23DD8 /* 260.png */; };
		0E97D6841F2D9CD500F23DD8 /* 261.png in Resources */ = {isa = PBXBuildFile; fileRef = 0E97D5DB1F2D9CD400F23DD8 /* 261.png */; };
		0E97D6851F2D9CD500F23DD8 /* 262.png in Resources */ = {isa = PBXBuildFile; fileRef = 0E97D5DC1F2D9CD400F23DD8 /* 262.png */; };
		0E97D6861F2D9CD500F23DD8 /* 263.png in Resources */ = {isa = PBXBuildFile; fileRef = 0E97D5DD1F2D9CD400F23DD8 /* 263.png */; };
		0E97D6871F2D9CD500F23DD8 /* 264.png in Resources */ = {isa = PBXBuildFile; fileRef = 0E97D5DE1F2D9CD400F23DD8 /* 264.png */; };
		0E97D6881F2D9CD500F23DD8 /* 265.png in Resources */ = {isa = PBXBuildFile; fileRef = 0E97D5DF1F2D9CD400F23DD8 /* 265.png */; };
		0E97D6891F2D9CD500F23DD8 /* 266.png in Resources */ = {isa = PBXBuildFile; fileRef = 0E97D5E01F2D9CD400F23DD8 /* 266.png */; };
		0E97D68A1F2D9CD500F23DD8 /* 267.png in Resources */ = {isa = PBXBuildFile; fileRef = 0E97D5E11F2D9CD400F23DD8 /* 267.png */; };
		0E97D68B1F2D9CD500F23DD8 /* 268.png in Resources */ = {isa = PBXBuildFile; fileRef = 0E97D5E21F2D9CD400F23DD8 /* 268.png */; };
		0E97D68C1F2D9CD500F23DD8 /* 269.png in Resources */ = {isa = PBXBuildFile; fileRef = 0E97D5E31F2D9CD400F23DD8 /* 269.png */; };
		0E97D68D1F2D9CD500F23DD8 /* 270.png in Resources */ = {isa = PBXBuildFile; fileRef = 0E97D5E41F2D9CD400F23DD8 /* 270.png */; };
		0E97D68E1F2D9CD500F23DD8 /* 271.png in Resources */ = {isa = PBXBuildFile; fileRef = 0E97D5E51F2D9CD400F23DD8 /* 271.png */; };
		0E97D68F1F2D9CD500F23DD8 /* 272.png in Resources */ = {isa = PBXBuildFile; fileRef = 0E97D5E61F2D9CD400F23DD8 /* 272.png */; };
		0E97D6901F2D9CD500F23DD8 /* 273.png in Resources */ = {isa = PBXBuildFile; fileRef = 0E97D5E71F2D9CD400F23DD8 /* 273.png */; };
		0E97D6911F2D9CD500F23DD8 /* 274.png in Resources */ = {isa = PBXBuildFile; fileRef = 0E97D5E81F2D9CD400F23DD8 /* 274.png */; };
		0E97D6921F2D9CD500F23DD8 /* 275.png in Resources */ = {isa = PBXBuildFile; fileRef = 0E97D5E91F2D9CD400F23DD8 /* 275.png */; };
		0E97D6931F2D9CD500F23DD8 /* 276.png in Resources */ = {isa = PBXBuildFile; fileRef = 0E97D5EA1F2D9CD400F23DD8 /* 276.png */; };
		0E97D6941F2D9CD500F23DD8 /* 277.png in Resources */ = {isa = PBXBuildFile; fileRef = 0E97D5EB1F2D9CD400F23DD8 /* 277.png */; };
		0E97D6951F2D9CD500F23DD8 /* 278.png in Resources */ = {isa = PBXBuildFile; fileRef = 0E97D5EC1F2D9CD400F23DD8 /* 278.png */; };
		0E97D6961F2D9CD500F23DD8 /* 279.png in Resources */ = {isa = PBXBuildFile; fileRef = 0E97D5ED1F2D9CD400F23DD8 /* 279.png */; };
		0E97D6971F2D9CD500F23DD8 /* 280.png in Resources */ = {isa = PBXBuildFile; fileRef = 0E97D5EE1F2D9CD400F23DD8 /* 280.png */; };
		0E97D6981F2D9CD500F23DD8 /* 281.png in Resources */ = {isa = PBXBuildFile; fileRef = 0E97D5EF1F2D9CD400F23DD8 /* 281.png */; };
		0E97D6991F2D9CD500F23DD8 /* 282.png in Resources */ = {isa = PBXBuildFile; fileRef = 0E97D5F01F2D9CD400F23DD8 /* 282.png */; };
		0E97D69A1F2D9CD500F23DD8 /* 283.png in Resources */ = {isa = PBXBuildFile; fileRef = 0E97D5F11F2D9CD400F23DD8 /* 283.png */; };
		0E97D69B1F2D9CD500F23DD8 /* 284.png in Resources */ = {isa = PBXBuildFile; fileRef = 0E97D5F21F2D9CD400F23DD8 /* 284.png */; };
		0E97D69C1F2D9CD500F23DD8 /* 285.png in Resources */ = {isa = PBXBuildFile; fileRef = 0E97D5F31F2D9CD400F23DD8 /* 285.png */; };
		0E97D69D1F2D9CD500F23DD8 /* 286.png in Resources */ = {isa = PBXBuildFile; fileRef = 0E97D5F41F2D9CD400F23DD8 /* 286.png */; };
		0E97D69E1F2D9CD500F23DD8 /* 287.png in Resources */ = {isa = PBXBuildFile; fileRef = 0E97D5F51F2D9CD400F23DD8 /* 287.png */; };
		0E97D69F1F2D9CD500F23DD8 /* 288.png in Resources */ = {isa = PBXBuildFile; fileRef = 0E97D5F61F2D9CD400F23DD8 /* 288.png */; };
		0E97D6A01F2D9CD500F23DD8 /* 289.png in Resources */ = {isa = PBXBuildFile; fileRef = 0E97D5F71F2D9CD400F23DD8 /* 289.png */; };
		0E97D6A11F2D9CD500F23DD8 /* 290.png in Resources */ = {isa = PBXBuildFile; fileRef = 0E97D5F81F2D9CD400F23DD8 /* 290.png */; };
		0E97D6A21F2D9CD500F23DD8 /* 291.png in Resources */ = {isa = PBXBuildFile; fileRef = 0E97D5F91F2D9CD400F23DD8 /* 291.png */; };
		0E97D6A31F2D9CD500F23DD8 /* 292.png in Resources */ = {isa = PBXBuildFile; fileRef = 0E97D5FA1F2D9CD400F23DD8 /* 292.png */; };
		0E97D6A41F2D9CD500F23DD8 /* 293.png in Resources */ = {isa = PBXBuildFile; fileRef = 0E97D5FB1F2D9CD400F23DD8 /* 293.png */; };
		0E97D6A51F2D9CD500F23DD8 /* 294.png in Resources */ = {isa = PBXBuildFile; fileRef = 0E97D5FC1F2D9CD400F23DD8 /* 294.png */; };
		0E97D6A61F2D9CD500F23DD8 /* 295.png in Resources */ = {isa = PBXBuildFile; fileRef = 0E97D5FD1F2D9CD400F23DD8 /* 295.png */; };
		0E97D6A71F2D9CD500F23DD8 /* 296.png in Resources */ = {isa = PBXBuildFile; fileRef = 0E97D5FE1F2D9CD400F23DD8 /* 296.png */; };
		0E97D6A81F2D9CD500F23DD8 /* 297.png in Resources */ = {isa = PBXBuildFile; fileRef = 0E97D5FF1F2D9CD400F23DD8 /* 297.png */; };
		0E97D6A91F2D9CD500F23DD8 /* 298.png in Resources */ = {isa = PBXBuildFile; fileRef = 0E97D6001F2D9CD400F23DD8 /* 298.png */; };
		0E97D6AA1F2D9CD500F23DD8 /* 299.png in Resources */ = {isa = PBXBuildFile; fileRef = 0E97D6011F2D9CD400F23DD8 /* 299.png */; };
		0E97D6AB1F2D9CD500F23DD8 /* 300.png in Resources */ = {isa = PBXBuildFile; fileRef = 0E97D6021F2D9CD400F23DD8 /* 300.png */; };
		0E97D6AC1F2D9CD500F23DD8 /* 301.png in Resources */ = {isa = PBXBuildFile; fileRef = 0E97D6031F2D9CD400F23DD8 /* 301.png */; };
		0E97D6AD1F2D9CD500F23DD8 /* 302.png in Resources */ = {isa = PBXBuildFile; fileRef = 0E97D6041F2D9CD400F23DD8 /* 302.png */; };
		0E97D6AE1F2D9CD500F23DD8 /* 303.png in Resources */ = {isa = PBXBuildFile; fileRef = 0E97D6051F2D9CD400F23DD8 /* 303.png */; };
		0E97D6AF1F2D9CD500F23DD8 /* 304.png in Resources */ = {isa = PBXBuildFile; fileRef = 0E97D6061F2D9CD400F23DD8 /* 304.png */; };
		0E97D6B01F2D9CD500F23DD8 /* 305.png in Resources */ = {isa = PBXBuildFile; fileRef = 0E97D6071F2D9CD400F23DD8 /* 305.png */; };
		0E97D6B11F2D9CD500F23DD8 /* 306.png in Resources */ = {isa = PBXBuildFile; fileRef = 0E97D6081F2D9CD400F23DD8 /* 306.png */; };
		0E97D6B21F2D9CD500F23DD8 /* 307.png in Resources */ = {isa = PBXBuildFile; fileRef = 0E97D6091F2D9CD400F23DD8 /* 307.png */; };
		0E97D6B31F2D9CD500F23DD8 /* 308.png in Resources */ = {isa = PBXBuildFile; fileRef = 0E97D60A1F2D9CD400F23DD8 /* 308.png */; };
		0E97D6B41F2D9CD500F23DD8 /* 309.png in Resources */ = {isa = PBXBuildFile; fileRef = 0E97D60B1F2D9CD400F23DD8 /* 309.png */; };
		0E97D6B51F2D9CD500F23DD8 /* 310.png in Resources */ = {isa = PBXBuildFile; fileRef = 0E97D60C1F2D9CD400F23DD8 /* 310.png */; };
		0E97D6B61F2D9CD500F23DD8 /* 311.png in Resources */ = {isa = PBXBuildFile; fileRef = 0E97D60D1F2D9CD400F23DD8 /* 311.png */; };
		0E97D6B71F2D9CD500F23DD8 /* 312.png in Resources */ = {isa = PBXBuildFile; fileRef = 0E97D60E1F2D9CD400F23DD8 /* 312.png */; };
		0E97D6B81F2D9CD500F23DD8 /* 313.png in Resources */ = {isa = PBXBuildFile; fileRef = 0E97D60F1F2D9CD400F23DD8 /* 313.png */; };
		0E97D6B91F2D9CD500F23DD8 /* 314.png in Resources */ = {isa = PBXBuildFile; fileRef = 0E97D6101F2D9CD400F23DD8 /* 314.png */; };
		0E97D6BA1F2D9CD500F23DD8 /* 315.png in Resources */ = {isa = PBXBuildFile; fileRef = 0E97D6111F2D9CD400F23DD8 /* 315.png */; };
		0E97D6BB1F2D9CD500F23DD8 /* 316.png in Resources */ = {isa = PBXBuildFile; fileRef = 0E97D6121F2D9CD400F23DD8 /* 316.png */; };
		0E97D6BC1F2D9CD500F23DD8 /* 317.png in Resources */ = {isa = PBXBuildFile; fileRef = 0E97D6131F2D9CD400F23DD8 /* 317.png */; };
		0E97D6BD1F2D9CD500F23DD8 /* 318.png in Resources */ = {isa = PBXBuildFile; fileRef = 0E97D6141F2D9CD400F23DD8 /* 318.png */; };
		0E97D6BE1F2D9CD500F23DD8 /* 319.png in Resources */ = {isa = PBXBuildFile; fileRef = 0E97D6151F2D9CD400F23DD8 /* 319.png */; };
		0E97D6BF1F2D9CD500F23DD8 /* 320.png in Resources */ = {isa = PBXBuildFile; fileRef = 0E97D6161F2D9CD400F23DD8 /* 320.png */; };
		0E97D6C01F2D9CD500F23DD8 /* 321.png in Resources */ = {isa = PBXBuildFile; fileRef = 0E97D6171F2D9CD400F23DD8 /* 321.png */; };
		0E97D6C11F2D9CD500F23DD8 /* 322.png in Resources */ = {isa = PBXBuildFile; fileRef = 0E97D6181F2D9CD400F23DD8 /* 322.png */; };
		0E97D6C21F2D9CD500F23DD8 /* 323.png in Resources */ = {isa = PBXBuildFile; fileRef = 0E97D6191F2D9CD400F23DD8 /* 323.png */; };
		0E97D6C31F2D9CD500F23DD8 /* 324.png in Resources */ = {isa = PBXBuildFile; fileRef = 0E97D61A1F2D9CD400F23DD8 /* 324.png */; };
		0E97D6C41F2D9CD500F23DD8 /* 325.png in Resources */ = {isa = PBXBuildFile; fileRef = 0E97D61B1F2D9CD400F23DD8 /* 325.png */; };
		0E97D6C51F2D9CD500F23DD8 /* 326.png in Resources */ = {isa = PBXBuildFile; fileRef = 0E97D61C1F2D9CD400F23DD8 /* 326.png */; };
		0E97D6C61F2D9CD500F23DD8 /* 327.png in Resources */ = {isa = PBXBuildFile; fileRef = 0E97D61D1F2D9CD400F23DD8 /* 327.png */; };
		0E97D6C71F2D9CD500F23DD8 /* 328.png in Resources */ = {isa = PBXBuildFile; fileRef = 0E97D61E1F2D9CD400F23DD8 /* 328.png */; };
		0E97D6C81F2D9CD500F23DD8 /* 329.png in Resources */ = {isa = PBXBuildFile; fileRef = 0E97D61F1F2D9CD400F23DD8 /* 329.png */; };
		0E97D6C91F2D9CD500F23DD8 /* 330.png in Resources */ = {isa = PBXBuildFile; fileRef = 0E97D6201F2D9CD400F23DD8 /* 330.png */; };
		0E97D6CA1F2D9CD500F23DD8 /* 331.png in Resources */ = {isa = PBXBuildFile; fileRef = 0E97D6211F2D9CD400F23DD8 /* 331.png */; };
		0E97D6CB1F2D9CD500F23DD8 /* 332.png in Resources */ = {isa = PBXBuildFile; fileRef = 0E97D6221F2D9CD400F23DD8 /* 332.png */; };
		0E97D6CC1F2D9CD500F23DD8 /* 333.png in Resources */ = {isa = PBXBuildFile; fileRef = 0E97D6231F2D9CD400F23DD8 /* 333.png */; };
		0E97D6CD1F2D9CD500F23DD8 /* 334.png in Resources */ = {isa = PBXBuildFile; fileRef = 0E97D6241F2D9CD400F23DD8 /* 334.png */; };
		0E97D6CE1F2D9CD500F23DD8 /* 335.png in Resources */ = {isa = PBXBuildFile; fileRef = 0E97D6251F2D9CD400F23DD8 /* 335.png */; };
		0E97D6CF1F2D9CD500F23DD8 /* 336.png in Resources */ = {isa = PBXBuildFile; fileRef = 0E97D6261F2D9CD400F23DD8 /* 336.png */; };
		0E97D6D01F2D9CD500F23DD8 /* 337.png in Resources */ = {isa = PBXBuildFile; fileRef = 0E97D6271F2D9CD400F23DD8 /* 337.png */; };
		0E97D6D11F2D9CD500F23DD8 /* 338.png in Resources */ = {isa = PBXBuildFile; fileRef = 0E97D6281F2D9CD400F23DD8 /* 338.png */; };
		0E97D6D21F2D9CD500F23DD8 /* 339.png in Resources */ = {isa = PBXBuildFile; fileRef = 0E97D6291F2D9CD400F23DD8 /* 339.png */; };
		0E97D6D31F2D9CD500F23DD8 /* 340.png in Resources */ = {isa = PBXBuildFile; fileRef = 0E97D62A1F2D9CD400F23DD8 /* 340.png */; };
		0E97D6D41F2D9CD500F23DD8 /* 341.png in Resources */ = {isa = PBXBuildFile; fileRef = 0E97D62B1F2D9CD400F23DD8 /* 341.png */; };
		0E97D6D51F2D9CD500F23DD8 /* 342.png in Resources */ = {isa = PBXBuildFile; fileRef = 0E97D62C1F2D9CD400F23DD8 /* 342.png */; };
		0E97D6D61F2D9CD500F23DD8 /* 343.png in Resources */ = {isa = PBXBuildFile; fileRef = 0E97D62D1F2D9CD400F23DD8 /* 343.png */; };
		0E97D6D71F2D9CD500F23DD8 /* 668.png in Resources */ = {isa = PBXBuildFile; fileRef = 0E97D62E1F2D9CD400F23DD8 /* 668.png */; };
		0E97D6D81F2D9CD500F23DD8 /* 669.png in Resources */ = {isa = PBXBuildFile; fileRef = 0E97D62F1F2D9CD400F23DD8 /* 669.png */; };
		0E97D6D91F2D9CD500F23DD8 /* 670.png in Resources */ = {isa = PBXBuildFile; fileRef = 0E97D6301F2D9CD400F23DD8 /* 670.png */; };
		0E97D6DA1F2D9CD500F23DD8 /* 671.png in Resources */ = {isa = PBXBuildFile; fileRef = 0E97D6311F2D9CD400F23DD8 /* 671.png */; };
		0E97D6DB1F2D9CD500F23DD8 /* 672.png in Resources */ = {isa = PBXBuildFile; fileRef = 0E97D6321F2D9CD400F23DD8 /* 672.png */; };
		0E97D6DC1F2D9CD500F23DD8 /* 673.png in Resources */ = {isa = PBXBuildFile; fileRef = 0E97D6331F2D9CD400F23DD8 /* 673.png */; };
		0E97D6DD1F2D9CD500F23DD8 /* 677.png in Resources */ = {isa = PBXBuildFile; fileRef = 0E97D6341F2D9CD400F23DD8 /* 677.png */; };
		0E97D6DE1F2D9CD500F23DD8 /* 678.png in Resources */ = {isa = PBXBuildFile; fileRef = 0E97D6351F2D9CD400F23DD8 /* 678.png */; };
		0E97D6DF1F2D9CD500F23DD8 /* 679.png in Resources */ = {isa = PBXBuildFile; fileRef = 0E97D6361F2D9CD400F23DD8 /* 679.png */; };
		0E97D6E01F2D9CD500F23DD8 /* 680.png in Resources */ = {isa = PBXBuildFile; fileRef = 0E97D6371F2D9CD400F23DD8 /* 680.png */; };
		0E97D6E11F2D9CD500F23DD8 /* 681.png in Resources */ = {isa = PBXBuildFile; fileRef = 0E97D6381F2D9CD400F23DD8 /* 681.png */; };
		0E97D6E21F2D9CD500F23DD8 /* 682.png in Resources */ = {isa = PBXBuildFile; fileRef = 0E97D6391F2D9CD400F23DD8 /* 682.png */; };
		0E97D6E31F2D9CD500F23DD8 /* 683.png in Resources */ = {isa = PBXBuildFile; fileRef = 0E97D63A1F2D9CD500F23DD8 /* 683.png */; };
		0E97D6E41F2D9CD500F23DD8 /* 684.png in Resources */ = {isa = PBXBuildFile; fileRef = 0E97D63B1F2D9CD500F23DD8 /* 684.png */; };
		0E97D6E51F2D9CD500F23DD8 /* 685.png in Resources */ = {isa = PBXBuildFile; fileRef = 0E97D63C1F2D9CD500F23DD8 /* 685.png */; };
		0E97D6E61F2D9CD500F23DD8 /* 687.png in Resources */ = {isa = PBXBuildFile; fileRef = 0E97D63D1F2D9CD500F23DD8 /* 687.png */; };
		0E97D6E71F2D9CD500F23DD8 /* FMDatabase.m in Sources */ = {isa = PBXBuildFile; fileRef = 0E97D6401F2D9CD500F23DD8 /* FMDatabase.m */; settings = {COMPILER_FLAGS = "-fno-objc-arc"; }; };
		0E97D6E81F2D9CD500F23DD8 /* FMDatabaseAdditions.m in Sources */ = {isa = PBXBuildFile; fileRef = 0E97D6421F2D9CD500F23DD8 /* FMDatabaseAdditions.m */; settings = {COMPILER_FLAGS = "-fno-objc-arc"; }; };
		0E97D6E91F2D9CD500F23DD8 /* FMDatabasePool.m in Sources */ = {isa = PBXBuildFile; fileRef = 0E97D6441F2D9CD500F23DD8 /* FMDatabasePool.m */; settings = {COMPILER_FLAGS = "-fno-objc-arc"; }; };
		0E97D6EA1F2D9CD500F23DD8 /* FMDatabaseQueue.m in Sources */ = {isa = PBXBuildFile; fileRef = 0E97D6461F2D9CD500F23DD8 /* FMDatabaseQueue.m */; settings = {COMPILER_FLAGS = "-fno-objc-arc"; }; };
		0E97D6EB1F2D9CD500F23DD8 /* FMResultSet.m in Sources */ = {isa = PBXBuildFile; fileRef = 0E97D6481F2D9CD500F23DD8 /* FMResultSet.m */; settings = {COMPILER_FLAGS = "-fno-objc-arc"; }; };
		0E97D6EC1F2D9CD500F23DD8 /* data.sqlite in Resources */ = {isa = PBXBuildFile; fileRef = 0E97D6491F2D9CD500F23DD8 /* data.sqlite */; };
		0E97D6F31F2E9FFE00F23DD8 /* MyDataManager.m in Sources */ = {isa = PBXBuildFile; fileRef = 0E97D6F21F2E9FFE00F23DD8 /* MyDataManager.m */; };
		0EB15A351F201FF20088A103 /* main.m in Sources */ = {isa = PBXBuildFile; fileRef = 0EB15A341F201FF20088A103 /* main.m */; };
		0EB15A381F201FF20088A103 /* AppDelegate.m in Sources */ = {isa = PBXBuildFile; fileRef = 0EB15A371F201FF20088A103 /* AppDelegate.m */; };
		0EB15A3B1F201FF20088A103 /* ViewController.m in Sources */ = {isa = PBXBuildFile; fileRef = 0EB15A3A1F201FF20088A103 /* ViewController.m */; };
		0EB15A3E1F201FF20088A103 /* Main.storyboard in Resources */ = {isa = PBXBuildFile; fileRef = 0EB15A3C1F201FF20088A103 /* Main.storyboard */; };
		0EB15A401F201FF20088A103 /* Assets.xcassets in Resources */ = {isa = PBXBuildFile; fileRef = 0EB15A3F1F201FF20088A103 /* Assets.xcassets */; };
		0EB15A431F201FF20088A103 /* LaunchScreen.storyboard in Resources */ = {isa = PBXBuildFile; fileRef = 0EB15A411F201FF20088A103 /* LaunchScreen.storyboard */; };
		0EB15A681F2024F40088A103 /* 1.png in Resources */ = {isa = PBXBuildFile; fileRef = 0EB15A4D1F2024F40088A103 /* 1.png */; };
		0EB15A691F2024F40088A103 /* 10.png in Resources */ = {isa = PBXBuildFile; fileRef = 0EB15A4E1F2024F40088A103 /* 10.png */; };
		0EB15A6A1F2024F40088A103 /* 11.png in Resources */ = {isa = PBXBuildFile; fileRef = 0EB15A4F1F2024F40088A103 /* 11.png */; };
		0EB15A6B1F2024F40088A103 /* 111q.png in Resources */ = {isa = PBXBuildFile; fileRef = 0EB15A501F2024F40088A103 /* 111q.png */; };
		0EB15A6C1F2024F40088A103 /* 12.png in Resources */ = {isa = PBXBuildFile; fileRef = 0EB15A511F2024F40088A103 /* 12.png */; };
		0EB15A6D1F2024F40088A103 /* 13.png in Resources */ = {isa = PBXBuildFile; fileRef = 0EB15A521F2024F40088A103 /* 13.png */; };
		0EB15A6E1F2024F40088A103 /* 14.png in Resources */ = {isa = PBXBuildFile; fileRef = 0EB15A531F2024F40088A103 /* 14.png */; };
		0EB15A6F1F2024F40088A103 /* 15.png in Resources */ = {isa = PBXBuildFile; fileRef = 0EB15A541F2024F40088A103 /* 15.png */; };
		0EB15A701F2024F40088A103 /* 16-2.png in Resources */ = {isa = PBXBuildFile; fileRef = 0EB15A551F2024F40088A103 /* 16-2.png */; };
		0EB15A711F2024F40088A103 /* 16.png in Resources */ = {isa = PBXBuildFile; fileRef = 0EB15A561F2024F40088A103 /* 16.png */; };
		0EB15A721F2024F40088A103 /* 17-2.png in Resources */ = {isa = PBXBuildFile; fileRef = 0EB15A571F2024F40088A103 /* 17-2.png */; };
		0EB15A731F2024F40088A103 /* 17.png in Resources */ = {isa = PBXBuildFile; fileRef = 0EB15A581F2024F40088A103 /* 17.png */; };
		0EB15A741F2024F40088A103 /* 18-2.png in Resources */ = {isa = PBXBuildFile; fileRef = 0EB15A591F2024F40088A103 /* 18-2.png */; };
		0EB15A751F2024F40088A103 /* 18.png in Resources */ = {isa = PBXBuildFile; fileRef = 0EB15A5A1F2024F40088A103 /* 18.png */; };
		0EB15A761F2024F40088A103 /* 19.png in Resources */ = {isa = PBXBuildFile; fileRef = 0EB15A5B1F2024F40088A103 /* 19.png */; };
		0EB15A771F2024F40088A103 /* 2.png in Resources */ = {isa = PBXBuildFile; fileRef = 0EB15A5C1F2024F40088A103 /* 2.png */; };
		0EB15A781F2024F40088A103 /* 20.png in Resources */ = {isa = PBXBuildFile; fileRef = 0EB15A5D1F2024F40088A103 /* 20.png */; };
		0EB15A791F2024F40088A103 /* 21.png in Resources */ = {isa = PBXBuildFile; fileRef = 0EB15A5E1F2024F40088A103 /* 21.png */; };
		0EB15A7A1F2024F40088A103 /* 211q.png in Resources */ = {isa = PBXBuildFile; fileRef = 0EB15A5F1F2024F40088A103 /* 211q.png */; };
		0EB15A7B1F2024F40088A103 /* 3.png in Resources */ = {isa = PBXBuildFile; fileRef = 0EB15A601F2024F40088A103 /* 3.png */; };
		0EB15A7C1F2024F40088A103 /* 4.png in Resources */ = {isa = PBXBuildFile; fileRef = 0EB15A611F2024F40088A103 /* 4.png */; };
		0EB15A7D1F2024F40088A103 /* 5.png in Resources */ = {isa = PBXBuildFile; fileRef = 0EB15A621F2024F40088A103 /* 5.png */; };
		0EB15A7E1F2024F40088A103 /* 6.png in Resources */ = {isa = PBXBuildFile; fileRef = 0EB15A631F2024F40088A103 /* 6.png */; };
		0EB15A7F1F2024F40088A103 /* 7.png in Resources */ = {isa = PBXBuildFile; fileRef = 0EB15A641F2024F40088A103 /* 7.png */; };
		0EB15A801F2024F40088A103 /* 8.png in Resources */ = {isa = PBXBuildFile; fileRef = 0EB15A651F2024F40088A103 /* 8.png */; };
		0EB15A811F2024F40088A103 /* 9.png in Resources */ = {isa = PBXBuildFile; fileRef = 0EB15A661F2024F40088A103 /* 9.png */; };
		0EB15A821F2024F40088A103 /* bg.png in Resources */ = {isa = PBXBuildFile; fileRef = 0EB15A671F2024F40088A103 /* bg.png */; };
		0EB15AAB1F2179D80088A103 /* SelectView.m in Sources */ = {isa = PBXBuildFile; fileRef = 0EB15AAA1F2179D80088A103 /* SelectView.m */; };
		0EE4B57E1F3EB4150076A770 /* AnswerScrollView.m in Sources */ = {isa = PBXBuildFile; fileRef = 0EE4B57D1F3EB4150076A770 /* AnswerScrollView.m */; };
		0EE4B5821F4005DE0076A770 /* AnswerTableViewCell.m in Sources */ = {isa = PBXBuildFile; fileRef = 0EE4B5801F4005DE0076A770 /* AnswerTableViewCell.m */; };
		0EE4B5831F4005DE0076A770 /* AnswerTableViewCell.xib in Resources */ = {isa = PBXBuildFile; fileRef = 0EE4B5811F4005DE0076A770 /* AnswerTableViewCell.xib */; };
		0EE4B5861F41143A0076A770 /* AnswerViewController.m in Sources */ = {isa = PBXBuildFile; fileRef = 0EE4B5851F41143A0076A770 /* AnswerViewController.m */; };
/* End PBXBuildFile section */

/* Begin PBXFileReference section */
		0E2203121F2FF562007210A4 /* TestSelectModel.h */ = {isa = PBXFileReference; fileEncoding = 4; lastKnownFileType = sourcecode.c.h; path = TestSelectModel.h; sourceTree = "<group>"; };
		0E2203131F2FF562007210A4 /* TestSelectModel.m */ = {isa = PBXFileReference; fileEncoding = 4; lastKnownFileType = sourcecode.c.objc; path = TestSelectModel.m; sourceTree = "<group>"; };
		0E2A1A751F42E70A007636B5 /* AnswerModel.h */ = {isa = PBXFileReference; fileEncoding = 4; lastKnownFileType = sourcecode.c.h; path = AnswerModel.h; sourceTree = "<group>"; };
		0E2A1A761F42E70A007636B5 /* AnswerModel.m */ = {isa = PBXFileReference; fileEncoding = 4; lastKnownFileType = sourcecode.c.objc; path = AnswerModel.m; sourceTree = "<group>"; };
		0E2A1A781F42EAC8007636B5 /* Tools.h */ = {isa = PBXFileReference; fileEncoding = 4; lastKnownFileType = sourcecode.c.h; path = Tools.h; sourceTree = "<group>"; };
		0E2A1A791F42EAC8007636B5 /* Tools.m */ = {isa = PBXFileReference; fileEncoding = 4; lastKnownFileType = sourcecode.c.objc; path = Tools.m; sourceTree = "<group>"; };
		0E43DD791F256BF900D1B504 /* FirstViewController.h */ = {isa = PBXFileReference; fileEncoding = 4; lastKnownFileType = sourcecode.c.h; path = FirstViewController.h; sourceTree = "<group>"; };
		0E43DD7A1F256BF900D1B504 /* FirstViewController.m */ = {isa = PBXFileReference; fileEncoding = 4; lastKnownFileType = sourcecode.c.objc; path = FirstViewController.m; sourceTree = "<group>"; };
		0E97D40A1F26B65300F23DD8 /* FirstTableViewCell.h */ = {isa = PBXFileReference; fileEncoding = 4; lastKnownFileType = sourcecode.c.h; path = FirstTableViewCell.h; sourceTree = "<group>"; };
		0E97D40B1F26B65300F23DD8 /* FirstTableViewCell.m */ = {isa = PBXFileReference; fileEncoding = 4; lastKnownFileType = sourcecode.c.objc; path = FirstTableViewCell.m; sourceTree = "<group>"; };
		0E97D40C1F26B65300F23DD8 /* FirstTableViewCell.xib */ = {isa = PBXFileReference; fileEncoding = 4; lastKnownFileType = file.xib; path = FirstTableViewCell.xib; sourceTree = "<group>"; };
		0E97D41C1F295A4900F23DD8 /* TestSelectViewController.h */ = {isa = PBXFileReference; fileEncoding = 4; lastKnownFileType = sourcecode.c.h; path = TestSelectViewController.h; sourceTree = "<group>"; };
		0E97D41D1F295A4900F23DD8 /* TestSelectViewController.m */ = {isa = PBXFileReference; fileEncoding = 4; lastKnownFileType = sourcecode.c.objc; path = TestSelectViewController.m; sourceTree = "<group>"; };
		0E97D41F1F295F0500F23DD8 /* TestSelectTableViewCell.h */ = {isa = PBXFileReference; fileEncoding = 4; lastKnownFileType = sourcecode.c.h; path = TestSelectTableViewCell.h; sourceTree = "<group>"; };
		0E97D4201F295F0500F23DD8 /* TestSelectTableViewCell.m */ = {isa = PBXFileReference; fileEncoding = 4; lastKnownFileType = sourcecode.c.objc; path = TestSelectTableViewCell.m; sourceTree = "<group>"; };
		0E97D4211F295F0500F23DD8 /* TestSelectTableViewCell.xib */ = {isa = PBXFileReference; fileEncoding = 4; lastKnownFileType = file.xib; path = TestSelectTableViewCell.xib; sourceTree = "<group>"; };
		0E97D5A11F2D9CD400F23DD8 /* 203.png */ = {isa = PBXFileReference; lastKnownFileType = image.png; path = 203.png; sourceTree = "<group>"; };
		0E97D5A21F2D9CD400F23DD8 /* 204.png */ = {isa = PBXFileReference; lastKnownFileType = image.png; path = 204.png; sourceTree = "<group>"; };
		0E97D5A31F2D9CD400F23DD8 /* 205.png */ = {isa = PBXFileReference; lastKnownFileType = image.png; path = 205.png; sourceTree = "<group>"; };
		0E97D5A41F2D9CD400F23DD8 /* 206.png */ = {isa = PBXFileReference; lastKnownFileType = image.png; path = 206.png; sourceTree = "<group>"; };
		0E97D5A51F2D9CD400F23DD8 /* 207.png */ = {isa = PBXFileReference; lastKnownFileType = image.png; path = 207.png; sourceTree = "<group>"; };
		0E97D5A61F2D9CD400F23DD8 /* 208.png */ = {isa = PBXFileReference; lastKnownFileType = image.png; path = 208.png; sourceTree = "<group>"; };
		0E97D5A71F2D9CD400F23DD8 /* 209.png */ = {isa = PBXFileReference; lastKnownFileType = image.png; path = 209.png; sourceTree = "<group>"; };
		0E97D5A81F2D9CD400F23DD8 /* 210.png */ = {isa = PBXFileReference; lastKnownFileType = image.png; path = 210.png; sourceTree = "<group>"; };
		0E97D5A91F2D9CD400F23DD8 /* 211.png */ = {isa = PBXFileReference; lastKnownFileType = image.png; path = 211.png; sourceTree = "<group>"; };
		0E97D5AA1F2D9CD400F23DD8 /* 212.png */ = {isa = PBXFileReference; lastKnownFileType = image.png; path = 212.png; sourceTree = "<group>"; };
		0E97D5AB1F2D9CD400F23DD8 /* 213.png */ = {isa = PBXFileReference; lastKnownFileType = image.png; path = 213.png; sourceTree = "<group>"; };
		0E97D5AC1F2D9CD400F23DD8 /* 214.png */ = {isa = PBXFileReference; lastKnownFileType = image.png; path = 214.png; sourceTree = "<group>"; };
		0E97D5AD1F2D9CD400F23DD8 /* 215.png */ = {isa = PBXFileReference; lastKnownFileType = image.png; path = 215.png; sourceTree = "<group>"; };
		0E97D5AE1F2D9CD400F23DD8 /* 216.png */ = {isa = PBXFileReference; lastKnownFileType = image.png; path = 216.png; sourceTree = "<group>"; };
		0E97D5AF1F2D9CD400F23DD8 /* 217.png */ = {isa = PBXFileReference; lastKnownFileType = image.png; path = 217.png; sourceTree = "<group>"; };
		0E97D5B01F2D9CD400F23DD8 /* 218.png */ = {isa = PBXFileReference; lastKnownFileType = image.png; path = 218.png; sourceTree = "<group>"; };
		0E97D5B11F2D9CD400F23DD8 /* 219.png */ = {isa = PBXFileReference; lastKnownFileType = image.png; path = 219.png; sourceTree = "<group>"; };
		0E97D5B21F2D9CD400F23DD8 /* 220.png */ = {isa = PBXFileReference; lastKnownFileType = image.png; path = 220.png; sourceTree = "<group>"; };
		0E97D5B31F2D9CD400F23DD8 /* 221.png */ = {isa = PBXFileReference; lastKnownFileType = image.png; path = 221.png; sourceTree = "<group>"; };
		0E97D5B41F2D9CD400F23DD8 /* 222.png */ = {isa = PBXFileReference; lastKnownFileType = image.png; path = 222.png; sourceTree = "<group>"; };
		0E97D5B51F2D9CD400F23DD8 /* 223.png */ = {isa = PBXFileReference; lastKnownFileType = image.png; path = 223.png; sourceTree = "<group>"; };
		0E97D5B61F2D9CD400F23DD8 /* 224.png */ = {isa = PBXFileReference; lastKnownFileType = image.png; path = 224.png; sourceTree = "<group>"; };
		0E97D5B71F2D9CD400F23DD8 /* 225.png */ = {isa = PBXFileReference; lastKnownFileType = image.png; path = 225.png; sourceTree = "<group>"; };
		0E97D5B81F2D9CD400F23DD8 /* 226.png */ = {isa = PBXFileReference; lastKnownFileType = image.png; path = 226.png; sourceTree = "<group>"; };
		0E97D5B91F2D9CD400F23DD8 /* 227.png */ = {isa = PBXFileReference; lastKnownFileType = image.png; path = 227.png; sourceTree = "<group>"; };
		0E97D5BA1F2D9CD400F23DD8 /* 228.png */ = {isa = PBXFileReference; lastKnownFileType = image.png; path = 228.png; sourceTree = "<group>"; };
		0E97D5BB1F2D9CD400F23DD8 /* 229.png */ = {isa = PBXFileReference; lastKnownFileType = image.png; path = 229.png; sourceTree = "<group>"; };
		0E97D5BC1F2D9CD400F23DD8 /* 230.png */ = {isa = PBXFileReference; lastKnownFileType = image.png; path = 230.png; sourceTree = "<group>"; };
		0E97D5BD1F2D9CD400F23DD8 /* 231.png */ = {isa = PBXFileReference; lastKnownFileType = image.png; path = 231.png; sourceTree = "<group>"; };
		0E97D5BE1F2D9CD400F23DD8 /* 232.png */ = {isa = PBXFileReference; lastKnownFileType = image.png; path = 232.png; sourceTree = "<group>"; };
		0E97D5BF1F2D9CD400F23DD8 /* 233.png */ = {isa = PBXFileReference; lastKnownFileType = image.png; path = 233.png; sourceTree = "<group>"; };
		0E97D5C01F2D9CD400F23DD8 /* 234.png */ = {isa = PBXFileReference; lastKnownFileType = image.png; path = 234.png; sourceTree = "<group>"; };
		0E97D5C11F2D9CD400F23DD8 /* 235.png */ = {isa = PBXFileReference; lastKnownFileType = image.png; path = 235.png; sourceTree = "<group>"; };
		0E97D5C21F2D9CD400F23DD8 /* 236.png */ = {isa = PBXFileReference; lastKnownFileType = image.png; path = 236.png; sourceTree = "<group>"; };
		0E97D5C31F2D9CD400F23DD8 /* 237.png */ = {isa = PBXFileReference; lastKnownFileType = image.png; path = 237.png; sourceTree = "<group>"; };
		0E97D5C41F2D9CD400F23DD8 /* 238.png */ = {isa = PBXFileReference; lastKnownFileType = image.png; path = 238.png; sourceTree = "<group>"; };
		0E97D5C51F2D9CD400F23DD8 /* 239.png */ = {isa = PBXFileReference; lastKnownFileType = image.png; path = 239.png; sourceTree = "<group>"; };
		0E97D5C61F2D9CD400F23DD8 /* 240.png */ = {isa = PBXFileReference; lastKnownFileType = image.png; path = 240.png; sourceTree = "<group>"; };
		0E97D5C71F2D9CD400F23DD8 /* 241.png */ = {isa = PBXFileReference; lastKnownFileType = image.png; path = 241.png; sourceTree = "<group>"; };
		0E97D5C81F2D9CD400F23DD8 /* 242.png */ = {isa = PBXFileReference; lastKnownFileType = image.png; path = 242.png; sourceTree = "<group>"; };
		0E97D5C91F2D9CD400F23DD8 /* 243.png */ = {isa = PBXFileReference; lastKnownFileType = image.png; path = 243.png; sourceTree = "<group>"; };
		0E97D5CA1F2D9CD400F23DD8 /* 244.png */ = {isa = PBXFileReference; lastKnownFileType = image.png; path = 244.png; sourceTree = "<group>"; };
		0E97D5CB1F2D9CD400F23DD8 /* 245.png */ = {isa = PBXFileReference; lastKnownFileType = image.png; path = 245.png; sourceTree = "<group>"; };
		0E97D5CC1F2D9CD400F23DD8 /* 246.png */ = {isa = PBXFileReference; lastKnownFileType = image.png; path = 246.png; sourceTree = "<group>"; };
		0E97D5CD1F2D9CD400F23DD8 /* 247.png */ = {isa = PBXFileReference; lastKnownFileType = image.png; path = 247.png; sourceTree = "<group>"; };
		0E97D5CE1F2D9CD400F23DD8 /* 248.png */ = {isa = PBXFileReference; lastKnownFileType = image.png; path = 248.png; sourceTree = "<group>"; };
		0E97D5CF1F2D9CD400F23DD8 /* 249.png */ = {isa = PBXFileReference; lastKnownFileType = image.png; path = 249.png; sourceTree = "<group>"; };
		0E97D5D01F2D9CD400F23DD8 /* 250.png */ = {isa = PBXFileReference; lastKnownFileType = image.png; path = 250.png; sourceTree = "<group>"; };
		0E97D5D11F2D9CD400F23DD8 /* 251.png */ = {isa = PBXFileReference; lastKnownFileType = image.png; path = 251.png; sourceTree = "<group>"; };
		0E97D5D21F2D9CD400F23DD8 /* 252.png */ = {isa = PBXFileReference; lastKnownFileType = image.png; path = 252.png; sourceTree = "<group>"; };
		0E97D5D31F2D9CD400F23DD8 /* 253.png */ = {isa = PBXFileReference; lastKnownFileType = image.png; path = 253.png; sourceTree = "<group>"; };
		0E97D5D41F2D9CD400F23DD8 /* 254.png */ = {isa = PBXFileReference; lastKnownFileType = image.png; path = 254.png; sourceTree = "<group>"; };
		0E97D5D51F2D9CD400F23DD8 /* 255.png */ = {isa = PBXFileReference; lastKnownFileType = image.png; path = 255.png; sourceTree = "<group>"; };
		0E97D5D61F2D9CD400F23DD8 /* 256.png */ = {isa = PBXFileReference; lastKnownFileType = image.png; path = 256.png; sourceTree = "<group>"; };
		0E97D5D71F2D9CD400F23DD8 /* 257.png */ = {isa = PBXFileReference; lastKnownFileType = image.png; path = 257.png; sourceTree = "<group>"; };
		0E97D5D81F2D9CD400F23DD8 /* 258.png */ = {isa = PBXFileReference; lastKnownFileType = image.png; path = 258.png; sourceTree = "<group>"; };
		0E97D5D91F2D9CD400F23DD8 /* 259.png */ = {isa = PBXFileReference; lastKnownFileType = image.png; path = 259.png; sourceTree = "<group>"; };
		0E97D5DA1F2D9CD400F23DD8 /* 260.png */ = {isa = PBXFileReference; lastKnownFileType = image.png; path = 260.png; sourceTree = "<group>"; };
		0E97D5DB1F2D9CD400F23DD8 /* 261.png */ = {isa = PBXFileReference; lastKnownFileType = image.png; path = 261.png; sourceTree = "<group>"; };
		0E97D5DC1F2D9CD400F23DD8 /* 262.png */ = {isa = PBXFileReference; lastKnownFileType = image.png; path = 262.png; sourceTree = "<group>"; };
		0E97D5DD1F2D9CD400F23DD8 /* 263.png */ = {isa = PBXFileReference; lastKnownFileType = image.png; path = 263.png; sourceTree = "<group>"; };
		0E97D5DE1F2D9CD400F23DD8 /* 264.png */ = {isa = PBXFileReference; lastKnownFileType = image.png; path = 264.png; sourceTree = "<group>"; };
		0E97D5DF1F2D9CD400F23DD8 /* 265.png */ = {isa = PBXFileReference; lastKnownFileType = image.png; path = 265.png; sourceTree = "<group>"; };
		0E97D5E01F2D9CD400F23DD8 /* 266.png */ = {isa = PBXFileReference; lastKnownFileType = image.png; path = 266.png; sourceTree = "<group>"; };
		0E97D5E11F2D9CD400F23DD8 /* 267.png */ = {isa = PBXFileReference; lastKnownFileType = image.png; path = 267.png; sourceTree = "<group>"; };
		0E97D5E21F2D9CD400F23DD8 /* 268.png */ = {isa = PBXFileReference; lastKnownFileType = image.png; path = 268.png; sourceTree = "<group>"; };
		0E97D5E31F2D9CD400F23DD8 /* 269.png */ = {isa = PBXFileReference; lastKnownFileType = image.png; path = 269.png; sourceTree = "<group>"; };
		0E97D5E41F2D9CD400F23DD8 /* 270.png */ = {isa = PBXFileReference; lastKnownFileType = image.png; path = 270.png; sourceTree = "<group>"; };
		0E97D5E51F2D9CD400F23DD8 /* 271.png */ = {isa = PBXFileReference; lastKnownFileType = image.png; path = 271.png; sourceTree = "<group>"; };
		0E97D5E61F2D9CD400F23DD8 /* 272.png */ = {isa = PBXFileReference; lastKnownFileType = image.png; path = 272.png; sourceTree = "<group>"; };
		0E97D5E71F2D9CD400F23DD8 /* 273.png */ = {isa = PBXFileReference; lastKnownFileType = image.png; path = 273.png; sourceTree = "<group>"; };
		0E97D5E81F2D9CD400F23DD8 /* 274.png */ = {isa = PBXFileReference; lastKnownFileType = image.png; path = 274.png; sourceTree = "<group>"; };
		0E97D5E91F2D9CD400F23DD8 /* 275.png */ = {isa = PBXFileReference; lastKnownFileType = image.png; path = 275.png; sourceTree = "<group>"; };
		0E97D5EA1F2D9CD400F23DD8 /* 276.png */ = {isa = PBXFileReference; lastKnownFileType = image.png; path = 276.png; sourceTree = "<group>"; };
		0E97D5EB1F2D9CD400F23DD8 /* 277.png */ = {isa = PBXFileReference; lastKnownFileType = image.png; path = 277.png; sourceTree = "<group>"; };
		0E97D5EC1F2D9CD400F23DD8 /* 278.png */ = {isa = PBXFileReference; lastKnownFileType = image.png; path = 278.png; sourceTree = "<group>"; };
		0E97D5ED1F2D9CD400F23DD8 /* 279.png */ = {isa = PBXFileReference; lastKnownFileType = image.png; path = 279.png; sourceTree = "<group>"; };
		0E97D5EE1F2D9CD400F23DD8 /* 280.png */ = {isa = PBXFileReference; lastKnownFileType = image.png; path = 280.png; sourceTree = "<group>"; };
		0E97D5EF1F2D9CD400F23DD8 /* 281.png */ = {isa = PBXFileReference; lastKnownFileType = image.png; path = 281.png; sourceTree = "<group>"; };
		0E97D5F01F2D9CD400F23DD8 /* 282.png */ = {isa = PBXFileReference; lastKnownFileType = image.png; path = 282.png; sourceTree = "<group>"; };
		0E97D5F11F2D9CD400F23DD8 /* 283.png */ = {isa = PBXFileReference; lastKnownFileType = image.png; path = 283.png; sourceTree = "<group>"; };
		0E97D5F21F2D9CD400F23DD8 /* 284.png */ = {isa = PBXFileReference; lastKnownFileType = image.png; path = 284.png; sourceTree = "<group>"; };
		0E97D5F31F2D9CD400F23DD8 /* 285.png */ = {isa = PBXFileReference; lastKnownFileType = image.png; path = 285.png; sourceTree = "<group>"; };
		0E97D5F41F2D9CD400F23DD8 /* 286.png */ = {isa = PBXFileReference; lastKnownFileType = image.png; path = 286.png; sourceTree = "<group>"; };
		0E97D5F51F2D9CD400F23DD8 /* 287.png */ = {isa = PBXFileReference; lastKnownFileType = image.png; path = 287.png; sourceTree = "<group>"; };
		0E97D5F61F2D9CD400F23DD8 /* 288.png */ = {isa = PBXFileReference; lastKnownFileType = image.png; path = 288.png; sourceTree = "<group>"; };
		0E97D5F71F2D9CD400F23DD8 /* 289.png */ = {isa = PBXFileReference; lastKnownFileType = image.png; path = 289.png; sourceTree = "<group>"; };
		0E97D5F81F2D9CD400F23DD8 /* 290.png */ = {isa = PBXFileReference; lastKnownFileType = image.png; path = 290.png; sourceTree = "<group>"; };
		0E97D5F91F2D9CD400F23DD8 /* 291.png */ = {isa = PBXFileReference; lastKnownFileType = image.png; path = 291.png; sourceTree = "<group>"; };
		0E97D5FA1F2D9CD400F23DD8 /* 292.png */ = {isa = PBXFileReference; lastKnownFileType = image.png; path = 292.png; sourceTree = "<group>"; };
		0E97D5FB1F2D9CD400F23DD8 /* 293.png */ = {isa = PBXFileReference; lastKnownFileType = image.png; path = 293.png; sourceTree = "<group>"; };
		0E97D5FC1F2D9CD400F23DD8 /* 294.png */ = {isa = PBXFileReference; lastKnownFileType = image.png; path = 294.png; sourceTree = "<group>"; };
		0E97D5FD1F2D9CD400F23DD8 /* 295.png */ = {isa = PBXFileReference; lastKnownFileType = image.png; path = 295.png; sourceTree = "<group>"; };
		0E97D5FE1F2D9CD400F23DD8 /* 296.png */ = {isa = PBXFileReference; lastKnownFileType = image.png; path = 296.png; sourceTree = "<group>"; };
		0E97D5FF1F2D9CD400F23DD8 /* 297.png */ = {isa = PBXFileReference; lastKnownFileType = image.png; path = 297.png; sourceTree = "<group>"; };
		0E97D6001F2D9CD400F23DD8 /* 298.png */ = {isa = PBXFileReference; lastKnownFileType = image.png; path = 298.png; sourceTree = "<group>"; };
		0E97D6011F2D9CD400F23DD8 /* 299.png */ = {isa = PBXFileReference; lastKnownFileType = image.png; path = 299.png; sourceTree = "<group>"; };
		0E97D6021F2D9CD400F23DD8 /* 300.png */ = {isa = PBXFileReference; lastKnownFileType = image.png; path = 300.png; sourceTree = "<group>"; };
		0E97D6031F2D9CD400F23DD8 /* 301.png */ = {isa = PBXFileReference; lastKnownFileType = image.png; path = 301.png; sourceTree = "<group>"; };
		0E97D6041F2D9CD400F23DD8 /* 302.png */ = {isa = PBXFileReference; lastKnownFileType = image.png; path = 302.png; sourceTree = "<group>"; };
		0E97D6051F2D9CD400F23DD8 /* 303.png */ = {isa = PBXFileReference; lastKnownFileType = image.png; path = 303.png; sourceTree = "<group>"; };
		0E97D6061F2D9CD400F23DD8 /* 304.png */ = {isa = PBXFileReference; lastKnownFileType = image.png; path = 304.png; sourceTree = "<group>"; };
		0E97D6071F2D9CD400F23DD8 /* 305.png */ = {isa = PBXFileReference; lastKnownFileType = image.png; path = 305.png; sourceTree = "<group>"; };
		0E97D6081F2D9CD400F23DD8 /* 306.png */ = {isa = PBXFileReference; lastKnownFileType = image.png; path = 306.png; sourceTree = "<group>"; };
		0E97D6091F2D9CD400F23DD8 /* 307.png */ = {isa = PBXFileReference; lastKnownFileType = image.png; path = 307.png; sourceTree = "<group>"; };
		0E97D60A1F2D9CD400F23DD8 /* 308.png */ = {isa = PBXFileReference; lastKnownFileType = image.png; path = 308.png; sourceTree = "<group>"; };
		0E97D60B1F2D9CD400F23DD8 /* 309.png */ = {isa = PBXFileReference; lastKnownFileType = image.png; path = 309.png; sourceTree = "<group>"; };
		0E97D60C1F2D9CD400F23DD8 /* 310.png */ = {isa = PBXFileReference; lastKnownFileType = image.png; path = 310.png; sourceTree = "<group>"; };
		0E97D60D1F2D9CD400F23DD8 /* 311.png */ = {isa = PBXFileReference; lastKnownFileType = image.png; path = 311.png; sourceTree = "<group>"; };
		0E97D60E1F2D9CD400F23DD8 /* 312.png */ = {isa = PBXFileReference; lastKnownFileType = image.png; path = 312.png; sourceTree = "<group>"; };
		0E97D60F1F2D9CD400F23DD8 /* 313.png */ = {isa = PBXFileReference; lastKnownFileType = image.png; path = 313.png; sourceTree = "<group>"; };
		0E97D6101F2D9CD400F23DD8 /* 314.png */ = {isa = PBXFileReference; lastKnownFileType = image.png; path = 314.png; sourceTree = "<group>"; };
		0E97D6111F2D9CD400F23DD8 /* 315.png */ = {isa = PBXFileReference; lastKnownFileType = image.png; path = 315.png; sourceTree = "<group>"; };
		0E97D6121F2D9CD400F23DD8 /* 316.png */ = {isa = PBXFileReference; lastKnownFileType = image.png; path = 316.png; sourceTree = "<group>"; };
		0E97D6131F2D9CD400F23DD8 /* 317.png */ = {isa = PBXFileReference; lastKnownFileType = image.png; path = 317.png; sourceTree = "<group>"; };
		0E97D6141F2D9CD400F23DD8 /* 318.png */ = {isa = PBXFileReference; lastKnownFileType = image.png; path = 318.png; sourceTree = "<group>"; };
		0E97D6151F2D9CD400F23DD8 /* 319.png */ = {isa = PBXFileReference; lastKnownFileType = image.png; path = 319.png; sourceTree = "<group>"; };
		0E97D6161F2D9CD400F23DD8 /* 320.png */ = {isa = PBXFileReference; lastKnownFileType = image.png; path = 320.png; sourceTree = "<group>"; };
		0E97D6171F2D9CD400F23DD8 /* 321.png */ = {isa = PBXFileReference; lastKnownFileType = image.png; path = 321.png; sourceTree = "<group>"; };
		0E97D6181F2D9CD400F23DD8 /* 322.png */ = {isa = PBXFileReference; lastKnownFileType = image.png; path = 322.png; sourceTree = "<group>"; };
		0E97D6191F2D9CD400F23DD8 /* 323.png */ = {isa = PBXFileReference; lastKnownFileType = image.png; path = 323.png; sourceTree = "<group>"; };
		0E97D61A1F2D9CD400F23DD8 /* 324.png */ = {isa = PBXFileReference; lastKnownFileType = image.png; path = 324.png; sourceTree = "<group>"; };
		0E97D61B1F2D9CD400F23DD8 /* 325.png */ = {isa = PBXFileReference; lastKnownFileType = image.png; path = 325.png; sourceTree = "<group>"; };
		0E97D61C1F2D9CD400F23DD8 /* 326.png */ = {isa = PBXFileReference; lastKnownFileType = image.png; path = 326.png; sourceTree = "<group>"; };
		0E97D61D1F2D9CD400F23DD8 /* 327.png */ = {isa = PBXFileReference; lastKnownFileType = image.png; path = 327.png; sourceTree = "<group>"; };
		0E97D61E1F2D9CD400F23DD8 /* 328.png */ = {isa = PBXFileReference; lastKnownFileType = image.png; path = 328.png; sourceTree = "<group>"; };
		0E97D61F1F2D9CD400F23DD8 /* 329.png */ = {isa = PBXFileReference; lastKnownFileType = image.png; path = 329.png; sourceTree = "<group>"; };
		0E97D6201F2D9CD400F23DD8 /* 330.png */ = {isa = PBXFileReference; lastKnownFileType = image.png; path = 330.png; sourceTree = "<group>"; };
		0E97D6211F2D9CD400F23DD8 /* 331.png */ = {isa = PBXFileReference; lastKnownFileType = image.png; path = 331.png; sourceTree = "<group>"; };
		0E97D6221F2D9CD400F23DD8 /* 332.png */ = {isa = PBXFileReference; lastKnownFileType = image.png; path = 332.png; sourceTree = "<group>"; };
		0E97D6231F2D9CD400F23DD8 /* 333.png */ = {isa = PBXFileReference; lastKnownFileType = image.png; path = 333.png; sourceTree = "<group>"; };
		0E97D6241F2D9CD400F23DD8 /* 334.png */ = {isa = PBXFileReference; lastKnownFileType = image.png; path = 334.png; sourceTree = "<group>"; };
		0E97D6251F2D9CD400F23DD8 /* 335.png */ = {isa = PBXFileReference; lastKnownFileType = image.png; path = 335.png; sourceTree = "<group>"; };
		0E97D6261F2D9CD400F23DD8 /* 336.png */ = {isa = PBXFileReference; lastKnownFileType = image.png; path = 336.png; sourceTree = "<group>"; };
		0E97D6271F2D9CD400F23DD8 /* 337.png */ = {isa = PBXFileReference; lastKnownFileType = image.png; path = 337.png; sourceTree = "<group>"; };
		0E97D6281F2D9CD400F23DD8 /* 338.png */ = {isa = PBXFileReference; lastKnownFileType = image.png; path = 338.png; sourceTree = "<group>"; };
		0E97D6291F2D9CD400F23DD8 /* 339.png */ = {isa = PBXFileReference; lastKnownFileType = image.png; path = 339.png; sourceTree = "<group>"; };
		0E97D62A1F2D9CD400F23DD8 /* 340.png */ = {isa = PBXFileReference; lastKnownFileType = image.png; path = 340.png; sourceTree = "<group>"; };
		0E97D62B1F2D9CD400F23DD8 /* 341.png */ = {isa = PBXFileReference; lastKnownFileType = image.png; path = 341.png; sourceTree = "<group>"; };
		0E97D62C1F2D9CD400F23DD8 /* 342.png */ = {isa = PBXFileReference; lastKnownFileType = image.png; path = 342.png; sourceTree = "<group>"; };
		0E97D62D1F2D9CD400F23DD8 /* 343.png */ = {isa = PBXFileReference; lastKnownFileType = image.png; path = 343.png; sourceTree = "<group>"; };
		0E97D62E1F2D9CD400F23DD8 /* 668.png */ = {isa = PBXFileReference; lastKnownFileType = image.png; path = 668.png; sourceTree = "<group>"; };
		0E97D62F1F2D9CD400F23DD8 /* 669.png */ = {isa = PBXFileReference; lastKnownFileType = image.png; path = 669.png; sourceTree = "<group>"; };
		0E97D6301F2D9CD400F23DD8 /* 670.png */ = {isa = PBXFileReference; lastKnownFileType = image.png; path = 670.png; sourceTree = "<group>"; };
		0E97D6311F2D9CD400F23DD8 /* 671.png */ = {isa = PBXFileReference; lastKnownFileType = image.png; path = 671.png; sourceTree = "<group>"; };
		0E97D6321F2D9CD400F23DD8 /* 672.png */ = {isa = PBXFileReference; lastKnownFileType = image.png; path = 672.png; sourceTree = "<group>"; };
		0E97D6331F2D9CD400F23DD8 /* 673.png */ = {isa = PBXFileReference; lastKnownFileType = image.png; path = 673.png; sourceTree = "<group>"; };
		0E97D6341F2D9CD400F23DD8 /* 677.png */ = {isa = PBXFileReference; lastKnownFileType = image.png; path = 677.png; sourceTree = "<group>"; };
		0E97D6351F2D9CD400F23DD8 /* 678.png */ = {isa = PBXFileReference; lastKnownFileType = image.png; path = 678.png; sourceTree = "<group>"; };
		0E97D6361F2D9CD400F23DD8 /* 679.png */ = {isa = PBXFileReference; lastKnownFileType = image.png; path = 679.png; sourceTree = "<group>"; };
		0E97D6371F2D9CD400F23DD8 /* 680.png */ = {isa = PBXFileReference; lastKnownFileType = image.png; path = 680.png; sourceTree = "<group>"; };
		0E97D6381F2D9CD400F23DD8 /* 681.png */ = {isa = PBXFileReference; lastKnownFileType = image.png; path = 681.png; sourceTree = "<group>"; };
		0E97D6391F2D9CD400F23DD8 /* 682.png */ = {isa = PBXFileReference; lastKnownFileType = image.png; path = 682.png; sourceTree = "<group>"; };
		0E97D63A1F2D9CD500F23DD8 /* 683.png */ = {isa = PBXFileReference; lastKnownFileType = image.png; path = 683.png; sourceTree = "<group>"; };
		0E97D63B1F2D9CD500F23DD8 /* 684.png */ = {isa = PBXFileReference; lastKnownFileType = image.png; path = 684.png; sourceTree = "<group>"; };
		0E97D63C1F2D9CD500F23DD8 /* 685.png */ = {isa = PBXFileReference; lastKnownFileType = image.png; path = 685.png; sourceTree = "<group>"; };
		0E97D63D1F2D9CD500F23DD8 /* 687.png */ = {isa = PBXFileReference; lastKnownFileType = image.png; path = 687.png; sourceTree = "<group>"; };
		0E97D63F1F2D9CD500F23DD8 /* FMDatabase.h */ = {isa = PBXFileReference; fileEncoding = 4; lastKnownFileType = sourcecode.c.h; path = FMDatabase.h; sourceTree = "<group>"; };
		0E97D6401F2D9CD500F23DD8 /* FMDatabase.m */ = {isa = PBXFileReference; fileEncoding = 4; lastKnownFileType = sourcecode.c.objc; path = FMDatabase.m; sourceTree = "<group>"; };
		0E97D6411F2D9CD500F23DD8 /* FMDatabaseAdditions.h */ = {isa = PBXFileReference; fileEncoding = 4; lastKnownFileType = sourcecode.c.h; path = FMDatabaseAdditions.h; sourceTree = "<group>"; };
		0E97D6421F2D9CD500F23DD8 /* FMDatabaseAdditions.m */ = {isa = PBXFileReference; fileEncoding = 4; lastKnownFileType = sourcecode.c.objc; path = FMDatabaseAdditions.m; sourceTree = "<group>"; };
		0E97D6431F2D9CD500F23DD8 /* FMDatabasePool.h */ = {isa = PBXFileReference; fileEncoding = 4; lastKnownFileType = sourcecode.c.h; path = FMDatabasePool.h; sourceTree = "<group>"; };
		0E97D6441F2D9CD500F23DD8 /* FMDatabasePool.m */ = {isa = PBXFileReference; fileEncoding = 4; lastKnownFileType = sourcecode.c.objc; path = FMDatabasePool.m; sourceTree = "<group>"; };
		0E97D6451F2D9CD500F23DD8 /* FMDatabaseQueue.h */ = {isa = PBXFileReference; fileEncoding = 4; lastKnownFileType = sourcecode.c.h; path = FMDatabaseQueue.h; sourceTree = "<group>"; };
		0E97D6461F2D9CD500F23DD8 /* FMDatabaseQueue.m */ = {isa = PBXFileReference; fileEncoding = 4; lastKnownFileType = sourcecode.c.objc; path = FMDatabaseQueue.m; sourceTree = "<group>"; };
		0E97D6471F2D9CD500F23DD8 /* FMResultSet.h */ = {isa = PBXFileReference; fileEncoding = 4; lastKnownFileType = sourcecode.c.h; path = FMResultSet.h; sourceTree = "<group>"; };
		0E97D6481F2D9CD500F23DD8 /* FMResultSet.m */ = {isa = PBXFileReference; fileEncoding = 4; lastKnownFileType = sourcecode.c.objc; path = FMResultSet.m; sourceTree = "<group>"; };
		0E97D6491F2D9CD500F23DD8 /* data.sqlite */ = {isa = PBXFileReference; lastKnownFileType = file; path = data.sqlite; sourceTree = "<group>"; };
		0E97D6EE1F2DA71F00F23DD8 /* libsqlite3.tbd */ = {isa = PBXFileReference; lastKnownFileType = "sourcecode.text-based-dylib-definition"; name = libsqlite3.tbd; path = usr/lib/libsqlite3.tbd; sourceTree = SDKROOT; };
		0E97D6F11F2E9FFE00F23DD8 /* MyDataManager.h */ = {isa = PBXFileReference; fileEncoding = 4; lastKnownFileType = sourcecode.c.h; path = MyDataManager.h; sourceTree = "<group>"; };
		0E97D6F21F2E9FFE00F23DD8 /* MyDataManager.m */ = {isa = PBXFileReference; fileEncoding = 4; lastKnownFileType = sourcecode.c.objc; path = MyDataManager.m; sourceTree = "<group>"; };
		0EB15A301F201FF20088A103 /* StudyDrive.app */ = {isa = PBXFileReference; explicitFileType = wrapper.application; includeInIndex = 0; path = StudyDrive.app; sourceTree = BUILT_PRODUCTS_DIR; };
		0EB15A341F201FF20088A103 /* main.m */ = {isa = PBXFileReference; lastKnownFileType = sourcecode.c.objc; path = main.m; sourceTree = "<group>"; };
		0EB15A361F201FF20088A103 /* AppDelegate.h */ = {isa = PBXFileReference; lastKnownFileType = sourcecode.c.h; path = AppDelegate.h; sourceTree = "<group>"; };
		0EB15A371F201FF20088A103 /* AppDelegate.m */ = {isa = PBXFileReference; lastKnownFileType = sourcecode.c.objc; path = AppDelegate.m; sourceTree = "<group>"; };
		0EB15A391F201FF20088A103 /* ViewController.h */ = {isa = PBXFileReference; lastKnownFileType = sourcecode.c.h; path = ViewController.h; sourceTree = "<group>"; };
		0EB15A3A1F201FF20088A103 /* ViewController.m */ = {isa = PBXFileReference; lastKnownFileType = sourcecode.c.objc; path = ViewController.m; sourceTree = "<group>"; };
		0EB15A3D1F201FF20088A103 /* Base */ = {isa = PBXFileReference; lastKnownFileType = file.storyboard; name = Base; path = Base.lproj/Main.storyboard; sourceTree = "<group>"; };
		0EB15A3F1F201FF20088A103 /* Assets.xcassets */ = {isa = PBXFileReference; lastKnownFileType = folder.assetcatalog; path = Assets.xcassets; sourceTree = "<group>"; };
		0EB15A421F201FF20088A103 /* Base */ = {isa = PBXFileReference; lastKnownFileType = file.storyboard; name = Base; path = Base.lproj/LaunchScreen.storyboard; sourceTree = "<group>"; };
		0EB15A441F201FF20088A103 /* Info.plist */ = {isa = PBXFileReference; lastKnownFileType = text.plist.xml; path = Info.plist; sourceTree = "<group>"; };
		0EB15A4D1F2024F40088A103 /* 1.png */ = {isa = PBXFileReference; lastKnownFileType = image.png; path = 1.png; sourceTree = "<group>"; };
		0EB15A4E1F2024F40088A103 /* 10.png */ = {isa = PBXFileReference; lastKnownFileType = image.png; path = 10.png; sourceTree = "<group>"; };
		0EB15A4F1F2024F40088A103 /* 11.png */ = {isa = PBXFileReference; lastKnownFileType = image.png; path = 11.png; sourceTree = "<group>"; };
		0EB15A501F2024F40088A103 /* 111q.png */ = {isa = PBXFileReference; lastKnownFileType = image.png; path = 111q.png; sourceTree = "<group>"; };
		0EB15A511F2024F40088A103 /* 12.png */ = {isa = PBXFileReference; lastKnownFileType = image.png; path = 12.png; sourceTree = "<group>"; };
		0EB15A521F2024F40088A103 /* 13.png */ = {isa = PBXFileReference; lastKnownFileType = image.png; path = 13.png; sourceTree = "<group>"; };
		0EB15A531F2024F40088A103 /* 14.png */ = {isa = PBXFileReference; lastKnownFileType = image.png; path = 14.png; sourceTree = "<group>"; };
		0EB15A541F2024F40088A103 /* 15.png */ = {isa = PBXFileReference; lastKnownFileType = image.png; path = 15.png; sourceTree = "<group>"; };
		0EB15A551F2024F40088A103 /* 16-2.png */ = {isa = PBXFileReference; lastKnownFileType = image.png; path = "16-2.png"; sourceTree = "<group>"; };
		0EB15A561F2024F40088A103 /* 16.png */ = {isa = PBXFileReference; lastKnownFileType = image.png; path = 16.png; sourceTree = "<group>"; };
		0EB15A571F2024F40088A103 /* 17-2.png */ = {isa = PBXFileReference; lastKnownFileType = image.png; path = "17-2.png"; sourceTree = "<group>"; };
		0EB15A581F2024F40088A103 /* 17.png */ = {isa = PBXFileReference; lastKnownFileType = image.png; path = 17.png; sourceTree = "<group>"; };
		0EB15A591F2024F40088A103 /* 18-2.png */ = {isa = PBXFileReference; lastKnownFileType = image.png; path = "18-2.png"; sourceTree = "<group>"; };
		0EB15A5A1F2024F40088A103 /* 18.png */ = {isa = PBXFileReference; lastKnownFileType = image.png; path = 18.png; sourceTree = "<group>"; };
		0EB15A5B1F2024F40088A103 /* 19.png */ = {isa = PBXFileReference; lastKnownFileType = image.png; path = 19.png; sourceTree = "<group>"; };
		0EB15A5C1F2024F40088A103 /* 2.png */ = {isa = PBXFileReference; lastKnownFileType = image.png; path = 2.png; sourceTree = "<group>"; };
		0EB15A5D1F2024F40088A103 /* 20.png */ = {isa = PBXFileReference; lastKnownFileType = image.png; path = 20.png; sourceTree = "<group>"; };
		0EB15A5E1F2024F40088A103 /* 21.png */ = {isa = PBXFileReference; lastKnownFileType = image.png; path = 21.png; sourceTree = "<group>"; };
		0EB15A5F1F2024F40088A103 /* 211q.png */ = {isa = PBXFileReference; lastKnownFileType = image.png; path = 211q.png; sourceTree = "<group>"; };
		0EB15A601F2024F40088A103 /* 3.png */ = {isa = PBXFileReference; lastKnownFileType = image.png; path = 3.png; sourceTree = "<group>"; };
		0EB15A611F2024F40088A103 /* 4.png */ = {isa = PBXFileReference; lastKnownFileType = image.png; path = 4.png; sourceTree = "<group>"; };
		0EB15A621F2024F40088A103 /* 5.png */ = {isa = PBXFileReference; lastKnownFileType = image.png; path = 5.png; sourceTree = "<group>"; };
		0EB15A631F2024F40088A103 /* 6.png */ = {isa = PBXFileReference; lastKnownFileType = image.png; path = 6.png; sourceTree = "<group>"; };
		0EB15A641F2024F40088A103 /* 7.png */ = {isa = PBXFileReference; lastKnownFileType = image.png; path = 7.png; sourceTree = "<group>"; };
		0EB15A651F2024F40088A103 /* 8.png */ = {isa = PBXFileReference; lastKnownFileType = image.png; path = 8.png; sourceTree = "<group>"; };
		0EB15A661F2024F40088A103 /* 9.png */ = {isa = PBXFileReference; lastKnownFileType = image.png; path = 9.png; sourceTree = "<group>"; };
		0EB15A671F2024F40088A103 /* bg.png */ = {isa = PBXFileReference; lastKnownFileType = image.png; path = bg.png; sourceTree = "<group>"; };
		0EB15AA91F2179D80088A103 /* SelectView.h */ = {isa = PBXFileReference; fileEncoding = 4; lastKnownFileType = sourcecode.c.h; path = SelectView.h; sourceTree = "<group>"; };
		0EB15AAA1F2179D80088A103 /* SelectView.m */ = {isa = PBXFileReference; fileEncoding = 4; lastKnownFileType = sourcecode.c.objc; path = SelectView.m; sourceTree = "<group>"; };
		0EE4B57C1F3EB4150076A770 /* AnswerScrollView.h */ = {isa = PBXFileReference; fileEncoding = 4; lastKnownFileType = sourcecode.c.h; path = AnswerScrollView.h; sourceTree = "<group>"; };
		0EE4B57D1F3EB4150076A770 /* AnswerScrollView.m */ = {isa = PBXFileReference; fileEncoding = 4; lastKnownFileType = sourcecode.c.objc; path = AnswerScrollView.m; sourceTree = "<group>"; };
		0EE4B57F1F4005DE0076A770 /* AnswerTableViewCell.h */ = {isa = PBXFileReference; fileEncoding = 4; lastKnownFileType = sourcecode.c.h; path = AnswerTableViewCell.h; sourceTree = "<group>"; };
		0EE4B5801F4005DE0076A770 /* AnswerTableViewCell.m */ = {isa = PBXFileReference; fileEncoding = 4; lastKnownFileType = sourcecode.c.objc; path = AnswerTableViewCell.m; sourceTree = "<group>"; };
		0EE4B5811F4005DE0076A770 /* AnswerTableViewCell.xib */ = {isa = PBXFileReference; fileEncoding = 4; lastKnownFileType = file.xib; path = AnswerTableViewCell.xib; sourceTree = "<group>"; };
		0EE4B5841F41143A0076A770 /* AnswerViewController.h */ = {isa = PBXFileReference; fileEncoding = 4; lastKnownFileType = sourcecode.c.h; path = AnswerViewController.h; sourceTree = "<group>"; };
		0EE4B5851F41143A0076A770 /* AnswerViewController.m */ = {isa = PBXFileReference; fileEncoding = 4; lastKnownFileType = sourcecode.c.objc; path = AnswerViewController.m; sourceTree = "<group>"; };
/* End PBXFileReference section */

/* Begin PBXFrameworksBuildPhase section */
		0EB15A2D1F201FF20088A103 /* Frameworks */ = {
			isa = PBXFrameworksBuildPhase;
			buildActionMask = 2147483647;
			files = (
				0E2203101F2FF31C007210A4 /* libsqlite3.tbd in Frameworks */,
			);
			runOnlyForDeploymentPostprocessing = 0;
		};
/* End PBXFrameworksBuildPhase section */

/* Begin PBXGroup section */
		0E2203111F2FF521007210A4 /* model */ = {
			isa = PBXGroup;
			children = (
				0E2203121F2FF562007210A4 /* TestSelectModel.h */,
				0E2203131F2FF562007210A4 /* TestSelectModel.m */,
				0E2A1A751F42E70A007636B5 /* AnswerModel.h */,
				0E2A1A761F42E70A007636B5 /* AnswerModel.m */,
			);
			name = model;
			sourceTree = "<group>";
		};
		0E43DD781F256BE400D1B504 /* controllers */ = {
			isa = PBXGroup;
			children = (
				0E43DD791F256BF900D1B504 /* FirstViewController.h */,
				0E43DD7A1F256BF900D1B504 /* FirstViewController.m */,
				0E97D41C1F295A4900F23DD8 /* TestSelectViewController.h */,
				0E97D41D1F295A4900F23DD8 /* TestSelectViewController.m */,
				0EE4B5841F41143A0076A770 /* AnswerViewController.h */,
				0EE4B5851F41143A0076A770 /* AnswerViewController.m */,
			);
			name = controllers;
			sourceTree = "<group>";
		};
		0E97D4091F26B63500F23DD8 /* cell */ = {
			isa = PBXGroup;
			children = (
				0E97D40A1F26B65300F23DD8 /* FirstTableViewCell.h */,
				0E97D40B1F26B65300F23DD8 /* FirstTableViewCell.m */,
				0E97D40C1F26B65300F23DD8 /* FirstTableViewCell.xib */,
				0E97D41F1F295F0500F23DD8 /* TestSelectTableViewCell.h */,
				0E97D4201F295F0500F23DD8 /* TestSelectTableViewCell.m */,
				0E97D4211F295F0500F23DD8 /* TestSelectTableViewCell.xib */,
				0EE4B57F1F4005DE0076A770 /* AnswerTableViewCell.h */,
				0EE4B5801F4005DE0076A770 /* AnswerTableViewCell.m */,
				0EE4B5811F4005DE0076A770 /* AnswerTableViewCell.xib */,
			);
			name = cell;
			sourceTree = "<group>";
		};
		0E97D4521F2D989E00F23DD8 /* libs */ = {
			isa = PBXGroup;
			children = (
				0E97D5A01F2D9CD400F23DD8 /* 320_480 */,
				0E97D63E1F2D9CD500F23DD8 /* fmdb */,
				0E97D6491F2D9CD500F23DD8 /* data.sqlite */,
				0E97D6F11F2E9FFE00F23DD8 /* MyDataManager.h */,
				0E97D6F21F2E9FFE00F23DD8 /* MyDataManager.m */,
			);
			name = libs;
			sourceTree = "<group>";
		};
		0E97D5A01F2D9CD400F23DD8 /* 320_480 */ = {
			isa = PBXGroup;
			children = (
				0E97D5A11F2D9CD400F23DD8 /* 203.png */,
				0E97D5A21F2D9CD400F23DD8 /* 204.png */,
				0E97D5A31F2D9CD400F23DD8 /* 205.png */,
				0E97D5A41F2D9CD400F23DD8 /* 206.png */,
				0E97D5A51F2D9CD400F23DD8 /* 207.png */,
				0E97D5A61F2D9CD400F23DD8 /* 208.png */,
				0E97D5A71F2D9CD400F23DD8 /* 209.png */,
				0E97D5A81F2D9CD400F23DD8 /* 210.png */,
				0E97D5A91F2D9CD400F23DD8 /* 211.png */,
				0E97D5AA1F2D9CD400F23DD8 /* 212.png */,
				0E97D5AB1F2D9CD400F23DD8 /* 213.png */,
				0E97D5AC1F2D9CD400F23DD8 /* 214.png */,
				0E97D5AD1F2D9CD400F23DD8 /* 215.png */,
				0E97D5AE1F2D9CD400F23DD8 /* 216.png */,
				0E97D5AF1F2D9CD400F23DD8 /* 217.png */,
				0E97D5B01F2D9CD400F23DD8 /* 218.png */,
				0E97D5B11F2D9CD400F23DD8 /* 219.png */,
				0E97D5B21F2D9CD400F23DD8 /* 220.png */,
				0E97D5B31F2D9CD400F23DD8 /* 221.png */,
				0E97D5B41F2D9CD400F23DD8 /* 222.png */,
				0E97D5B51F2D9CD400F23DD8 /* 223.png */,
				0E97D5B61F2D9CD400F23DD8 /* 224.png */,
				0E97D5B71F2D9CD400F23DD8 /* 225.png */,
				0E97D5B81F2D9CD400F23DD8 /* 226.png */,
				0E97D5B91F2D9CD400F23DD8 /* 227.png */,
				0E97D5BA1F2D9CD400F23DD8 /* 228.png */,
				0E97D5BB1F2D9CD400F23DD8 /* 229.png */,
				0E97D5BC1F2D9CD400F23DD8 /* 230.png */,
				0E97D5BD1F2D9CD400F23DD8 /* 231.png */,
				0E97D5BE1F2D9CD400F23DD8 /* 232.png */,
				0E97D5BF1F2D9CD400F23DD8 /* 233.png */,
				0E97D5C01F2D9CD400F23DD8 /* 234.png */,
				0E97D5C11F2D9CD400F23DD8 /* 235.png */,
				0E97D5C21F2D9CD400F23DD8 /* 236.png */,
				0E97D5C31F2D9CD400F23DD8 /* 237.png */,
				0E97D5C41F2D9CD400F23DD8 /* 238.png */,
				0E97D5C51F2D9CD400F23DD8 /* 239.png */,
				0E97D5C61F2D9CD400F23DD8 /* 240.png */,
				0E97D5C71F2D9CD400F23DD8 /* 241.png */,
				0E97D5C81F2D9CD400F23DD8 /* 242.png */,
				0E97D5C91F2D9CD400F23DD8 /* 243.png */,
				0E97D5CA1F2D9CD400F23DD8 /* 244.png */,
				0E97D5CB1F2D9CD400F23DD8 /* 245.png */,
				0E97D5CC1F2D9CD400F23DD8 /* 246.png */,
				0E97D5CD1F2D9CD400F23DD8 /* 247.png */,
				0E97D5CE1F2D9CD400F23DD8 /* 248.png */,
				0E97D5CF1F2D9CD400F23DD8 /* 249.png */,
				0E97D5D01F2D9CD400F23DD8 /* 250.png */,
				0E97D5D11F2D9CD400F23DD8 /* 251.png */,
				0E97D5D21F2D9CD400F23DD8 /* 252.png */,
				0E97D5D31F2D9CD400F23DD8 /* 253.png */,
				0E97D5D41F2D9CD400F23DD8 /* 254.png */,
				0E97D5D51F2D9CD400F23DD8 /* 255.png */,
				0E97D5D61F2D9CD400F23DD8 /* 256.png */,
				0E97D5D71F2D9CD400F23DD8 /* 257.png */,
				0E97D5D81F2D9CD400F23DD8 /* 258.png */,
				0E97D5D91F2D9CD400F23DD8 /* 259.png */,
				0E97D5DA1F2D9CD400F23DD8 /* 260.png */,
				0E97D5DB1F2D9CD400F23DD8 /* 261.png */,
				0E97D5DC1F2D9CD400F23DD8 /* 262.png */,
				0E97D5DD1F2D9CD400F23DD8 /* 263.png */,
				0E97D5DE1F2D9CD400F23DD8 /* 264.png */,
				0E97D5DF1F2D9CD400F23DD8 /* 265.png */,
				0E97D5E01F2D9CD400F23DD8 /* 266.png */,
				0E97D5E11F2D9CD400F23DD8 /* 267.png */,
				0E97D5E21F2D9CD400F23DD8 /* 268.png */,
				0E97D5E31F2D9CD400F23DD8 /* 269.png */,
				0E97D5E41F2D9CD400F23DD8 /* 270.png */,
				0E97D5E51F2D9CD400F23DD8 /* 271.png */,
				0E97D5E61F2D9CD400F23DD8 /* 272.png */,
				0E97D5E71F2D9CD400F23DD8 /* 273.png */,
				0E97D5E81F2D9CD400F23DD8 /* 274.png */,
				0E97D5E91F2D9CD400F23DD8 /* 275.png */,
				0E97D5EA1F2D9CD400F23DD8 /* 276.png */,
				0E97D5EB1F2D9CD400F23DD8 /* 277.png */,
				0E97D5EC1F2D9CD400F23DD8 /* 278.png */,
				0E97D5ED1F2D9CD400F23DD8 /* 279.png */,
				0E97D5EE1F2D9CD400F23DD8 /* 280.png */,
				0E97D5EF1F2D9CD400F23DD8 /* 281.png */,
				0E97D5F01F2D9CD400F23DD8 /* 282.png */,
				0E97D5F11F2D9CD400F23DD8 /* 283.png */,
				0E97D5F21F2D9CD400F23DD8 /* 284.png */,
				0E97D5F31F2D9CD400F23DD8 /* 285.png */,
				0E97D5F41F2D9CD400F23DD8 /* 286.png */,
				0E97D5F51F2D9CD400F23DD8 /* 287.png */,
				0E97D5F61F2D9CD400F23DD8 /* 288.png */,
				0E97D5F71F2D9CD400F23DD8 /* 289.png */,
				0E97D5F81F2D9CD400F23DD8 /* 290.png */,
				0E97D5F91F2D9CD400F23DD8 /* 291.png */,
				0E97D5FA1F2D9CD400F23DD8 /* 292.png */,
				0E97D5FB1F2D9CD400F23DD8 /* 293.png */,
				0E97D5FC1F2D9CD400F23DD8 /* 294.png */,
				0E97D5FD1F2D9CD400F23DD8 /* 295.png */,
				0E97D5FE1F2D9CD400F23DD8 /* 296.png */,
				0E97D5FF1F2D9CD400F23DD8 /* 297.png */,
				0E97D6001F2D9CD400F23DD8 /* 298.png */,
				0E97D6011F2D9CD400F23DD8 /* 299.png */,
				0E97D6021F2D9CD400F23DD8 /* 300.png */,
				0E97D6031F2D9CD400F23DD8 /* 301.png */,
				0E97D6041F2D9CD400F23DD8 /* 302.png */,
				0E97D6051F2D9CD400F23DD8 /* 303.png */,
				0E97D6061F2D9CD400F23DD8 /* 304.png */,
				0E97D6071F2D9CD400F23DD8 /* 305.png */,
				0E97D6081F2D9CD400F23DD8 /* 306.png */,
				0E97D6091F2D9CD400F23DD8 /* 307.png */,
				0E97D60A1F2D9CD400F23DD8 /* 308.png */,
				0E97D60B1F2D9CD400F23DD8 /* 309.png */,
				0E97D60C1F2D9CD400F23DD8 /* 310.png */,
				0E97D60D1F2D9CD400F23DD8 /* 311.png */,
				0E97D60E1F2D9CD400F23DD8 /* 312.png */,
				0E97D60F1F2D9CD400F23DD8 /* 313.png */,
				0E97D6101F2D9CD400F23DD8 /* 314.png */,
				0E97D6111F2D9CD400F23DD8 /* 315.png */,
				0E97D6121F2D9CD400F23DD8 /* 316.png */,
				0E97D6131F2D9CD400F23DD8 /* 317.png */,
				0E97D6141F2D9CD400F23DD8 /* 318.png */,
				0E97D6151F2D9CD400F23DD8 /* 319.png */,
				0E97D6161F2D9CD400F23DD8 /* 320.png */,
				0E97D6171F2D9CD400F23DD8 /* 321.png */,
				0E97D6181F2D9CD400F23DD8 /* 322.png */,
				0E97D6191F2D9CD400F23DD8 /* 323.png */,
				0E97D61A1F2D9CD400F23DD8 /* 324.png */,
				0E97D61B1F2D9CD400F23DD8 /* 325.png */,
				0E97D61C1F2D9CD400F23DD8 /* 326.png */,
				0E97D61D1F2D9CD400F23DD8 /* 327.png */,
				0E97D61E1F2D9CD400F23DD8 /* 328.png */,
				0E97D61F1F2D9CD400F23DD8 /* 329.png */,
				0E97D6201F2D9CD400F23DD8 /* 330.png */,
				0E97D6211F2D9CD400F23DD8 /* 331.png */,
				0E97D6221F2D9CD400F23DD8 /* 332.png */,
				0E97D6231F2D9CD400F23DD8 /* 333.png */,
				0E97D6241F2D9CD400F23DD8 /* 334.png */,
				0E97D6251F2D9CD400F23DD8 /* 335.png */,
				0E97D6261F2D9CD400F23DD8 /* 336.png */,
				0E97D6271F2D9CD400F23DD8 /* 337.png */,
				0E97D6281F2D9CD400F23DD8 /* 338.png */,
				0E97D6291F2D9CD400F23DD8 /* 339.png */,
				0E97D62A1F2D9CD400F23DD8 /* 340.png */,
				0E97D62B1F2D9CD400F23DD8 /* 341.png */,
				0E97D62C1F2D9CD400F23DD8 /* 342.png */,
				0E97D62D1F2D9CD400F23DD8 /* 343.png */,
				0E97D62E1F2D9CD400F23DD8 /* 668.png */,
				0E97D62F1F2D9CD400F23DD8 /* 669.png */,
				0E97D6301F2D9CD400F23DD8 /* 670.png */,
				0E97D6311F2D9CD400F23DD8 /* 671.png */,
				0E97D6321F2D9CD400F23DD8 /* 672.png */,
				0E97D6331F2D9CD400F23DD8 /* 673.png */,
				0E97D6341F2D9CD400F23DD8 /* 677.png */,
				0E97D6351F2D9CD400F23DD8 /* 678.png */,
				0E97D6361F2D9CD400F23DD8 /* 679.png */,
				0E97D6371F2D9CD400F23DD8 /* 680.png */,
				0E97D6381F2D9CD400F23DD8 /* 681.png */,
				0E97D6391F2D9CD400F23DD8 /* 682.png */,
				0E97D63A1F2D9CD500F23DD8 /* 683.png */,
				0E97D63B1F2D9CD500F23DD8 /* 684.png */,
				0E97D63C1F2D9CD500F23DD8 /* 685.png */,
				0E97D63D1F2D9CD500F23DD8 /* 687.png */,
			);
			path = 320_480;
			sourceTree = "<group>";
		};
		0E97D63E1F2D9CD500F23DD8 /* fmdb */ = {
			isa = PBXGroup;
			children = (
				0E97D63F1F2D9CD500F23DD8 /* FMDatabase.h */,
				0E97D6401F2D9CD500F23DD8 /* FMDatabase.m */,
				0E97D6411F2D9CD500F23DD8 /* FMDatabaseAdditions.h */,
				0E97D6421F2D9CD500F23DD8 /* FMDatabaseAdditions.m */,
				0E97D6431F2D9CD500F23DD8 /* FMDatabasePool.h */,
				0E97D6441F2D9CD500F23DD8 /* FMDatabasePool.m */,
				0E97D6451F2D9CD500F23DD8 /* FMDatabaseQueue.h */,
				0E97D6461F2D9CD500F23DD8 /* FMDatabaseQueue.m */,
				0E97D6471F2D9CD500F23DD8 /* FMResultSet.h */,
				0E97D6481F2D9CD500F23DD8 /* FMResultSet.m */,
			);
			path = fmdb;
			sourceTree = "<group>";
		};
		0E97D6ED1F2DA71F00F23DD8 /* Frameworks */ = {
			isa = PBXGroup;
			children = (
				0E97D6EE1F2DA71F00F23DD8 /* libsqlite3.tbd */,
			);
			name = Frameworks;
			sourceTree = "<group>";
		};
		0EB15A271F201FF20088A103 = {
			isa = PBXGroup;
			children = (
				0EB15A4C1F2024F40088A103 /* SourceMaterial */,
				0EB15A321F201FF20088A103 /* StudyDrive */,
				0EB15A311F201FF20088A103 /* Products */,
				0E97D6ED1F2DA71F00F23DD8 /* Frameworks */,
			);
			sourceTree = "<group>";
		};
		0EB15A311F201FF20088A103 /* Products */ = {
			isa = PBXGroup;
			children = (
				0EB15A301F201FF20088A103 /* StudyDrive.app */,
			);
			name = Products;
			sourceTree = "<group>";
		};
		0EB15A321F201FF20088A103 /* StudyDrive */ = {
			isa = PBXGroup;
			children = (
				0EE4B57B1F3EB3CD0076A770 /* view */,
				0E2203111F2FF521007210A4 /* model */,
				0E97D4521F2D989E00F23DD8 /* libs */,
				0E97D4091F26B63500F23DD8 /* cell */,
				0E43DD781F256BE400D1B504 /* controllers */,
				0EB15A361F201FF20088A103 /* AppDelegate.h */,
				0EB15A371F201FF20088A103 /* AppDelegate.m */,
				0EB15A391F201FF20088A103 /* ViewController.h */,
				0EB15A3A1F201FF20088A103 /* ViewController.m */,
				0E2A1A781F42EAC8007636B5 /* Tools.h */,
				0E2A1A791F42EAC8007636B5 /* Tools.m */,
				0EB15A3C1F201FF20088A103 /* Main.storyboard */,
				0EB15A3F1F201FF20088A103 /* Assets.xcassets */,
				0EB15A411F201FF20088A103 /* LaunchScreen.storyboard */,
				0EB15A441F201FF20088A103 /* Info.plist */,
				0EB15A331F201FF20088A103 /* Supporting Files */,
			);
			path = StudyDrive;
			sourceTree = "<group>";
		};
		0EB15A331F201FF20088A103 /* Supporting Files */ = {
			isa = PBXGroup;
			children = (
				0EB15A341F201FF20088A103 /* main.m */,
			);
			name = "Supporting Files";
			sourceTree = "<group>";
		};
		0EB15A4C1F2024F40088A103 /* SourceMaterial */ = {
			isa = PBXGroup;
			children = (
				0EB15A4D1F2024F40088A103 /* 1.png */,
				0EB15A4E1F2024F40088A103 /* 10.png */,
				0EB15A4F1F2024F40088A103 /* 11.png */,
				0EB15A501F2024F40088A103 /* 111q.png */,
				0EB15A511F2024F40088A103 /* 12.png */,
				0EB15A521F2024F40088A103 /* 13.png */,
				0EB15A531F2024F40088A103 /* 14.png */,
				0EB15A541F2024F40088A103 /* 15.png */,
				0EB15A551F2024F40088A103 /* 16-2.png */,
				0EB15A561F2024F40088A103 /* 16.png */,
				0EB15A571F2024F40088A103 /* 17-2.png */,
				0EB15A581F2024F40088A103 /* 17.png */,
				0EB15A591F2024F40088A103 /* 18-2.png */,
				0EB15A5A1F2024F40088A103 /* 18.png */,
				0EB15A5B1F2024F40088A103 /* 19.png */,
				0EB15A5C1F2024F40088A103 /* 2.png */,
				0EB15A5D1F2024F40088A103 /* 20.png */,
				0EB15A5E1F2024F40088A103 /* 21.png */,
				0EB15A5F1F2024F40088A103 /* 211q.png */,
				0EB15A601F2024F40088A103 /* 3.png */,
				0EB15A611F2024F40088A103 /* 4.png */,
				0EB15A621F2024F40088A103 /* 5.png */,
				0EB15A631F2024F40088A103 /* 6.png */,
				0EB15A641F2024F40088A103 /* 7.png */,
				0EB15A651F2024F40088A103 /* 8.png */,
				0EB15A661F2024F40088A103 /* 9.png */,
				0EB15A671F2024F40088A103 /* bg.png */,
			);
			path = SourceMaterial;
			sourceTree = "<group>";
		};
		0EE4B57B1F3EB3CD0076A770 /* view */ = {
			isa = PBXGroup;
			children = (
				0EB15AA91F2179D80088A103 /* SelectView.h */,
				0EB15AAA1F2179D80088A103 /* SelectView.m */,
				0EE4B57C1F3EB4150076A770 /* AnswerScrollView.h */,
				0EE4B57D1F3EB4150076A770 /* AnswerScrollView.m */,
			);
			name = view;
			sourceTree = "<group>";
		};
/* End PBXGroup section */

/* Begin PBXNativeTarget section */
		0EB15A2F1F201FF20088A103 /* StudyDrive */ = {
			isa = PBXNativeTarget;
			buildConfigurationList = 0EB15A471F201FF20088A103 /* Build configuration list for PBXNativeTarget "StudyDrive" */;
			buildPhases = (
				0EB15A2C1F201FF20088A103 /* Sources */,
				0EB15A2D1F201FF20088A103 /* Frameworks */,
				0EB15A2E1F201FF20088A103 /* Resources */,
			);
			buildRules = (
			);
			dependencies = (
			);
			name = StudyDrive;
			productName = StudyDrive;
			productReference = 0EB15A301F201FF20088A103 /* StudyDrive.app */;
			productType = "com.apple.product-type.application";
		};
/* End PBXNativeTarget section */

/* Begin PBXProject section */
		0EB15A281F201FF20088A103 /* Project object */ = {
			isa = PBXProject;
			attributes = {
				LastUpgradeCheck = 0830;
				ORGANIZATIONNAME = lee;
				TargetAttributes = {
					0EB15A2F1F201FF20088A103 = {
						CreatedOnToolsVersion = 8.3.2;
						DevelopmentTeam = W6K43KA5J6;
						ProvisioningStyle = Automatic;
					};
				};
			};
			buildConfigurationList = 0EB15A2B1F201FF20088A103 /* Build configuration list for PBXProject "StudyDrive" */;
			compatibilityVersion = "Xcode 3.2";
			developmentRegion = English;
			hasScannedForEncodings = 0;
			knownRegions = (
				en,
				Base,
			);
			mainGroup = 0EB15A271F201FF20088A103;
			productRefGroup = 0EB15A311F201FF20088A103 /* Products */;
			projectDirPath = "";
			projectRoot = "";
			targets = (
				0EB15A2F1F201FF20088A103 /* StudyDrive */,
			);
		};
/* End PBXProject section */

/* Begin PBXResourcesBuildPhase section */
		0EB15A2E1F201FF20088A103 /* Resources */ = {
			isa = PBXResourcesBuildPhase;
			buildActionMask = 2147483647;
			files = (
				0E97D6AA1F2D9CD500F23DD8 /* 299.png in Resources */,
				0E97D6941F2D9CD500F23DD8 /* 277.png in Resources */,
				0E97D6541F2D9CD500F23DD8 /* 213.png in Resources */,
				0E97D6E61F2D9CD500F23DD8 /* 687.png in Resources */,
				0E97D6B01F2D9CD500F23DD8 /* 305.png in Resources */,
				0E97D6CD1F2D9CD500F23DD8 /* 334.png in Resources */,
				0E97D6A81F2D9CD500F23DD8 /* 297.png in Resources */,
				0EB15A7F1F2024F40088A103 /* 7.png in Resources */,
				0E97D6581F2D9CD500F23DD8 /* 217.png in Resources */,
				0EB15A7A1F2024F40088A103 /* 211q.png in Resources */,
				0E97D6E51F2D9CD500F23DD8 /* 685.png in Resources */,
				0E97D66F1F2D9CD500F23DD8 /* 240.png in Resources */,
				0E97D6641F2D9CD500F23DD8 /* 229.png in Resources */,
				0E97D6771F2D9CD500F23DD8 /* 248.png in Resources */,
				0E97D6C71F2D9CD500F23DD8 /* 328.png in Resources */,
				0E97D6CB1F2D9CD500F23DD8 /* 332.png in Resources */,
				0EB15A721F2024F40088A103 /* 17-2.png in Resources */,
				0E97D6D41F2D9CD500F23DD8 /* 341.png in Resources */,
				0E97D66A1F2D9CD500F23DD8 /* 235.png in Resources */,
				0E97D6C01F2D9CD500F23DD8 /* 321.png in Resources */,
				0E97D67D1F2D9CD500F23DD8 /* 254.png in Resources */,
				0E97D6B21F2D9CD500F23DD8 /* 307.png in Resources */,
				0E97D6531F2D9CD500F23DD8 /* 212.png in Resources */,
				0EB15A711F2024F40088A103 /* 16.png in Resources */,
				0E97D66B1F2D9CD500F23DD8 /* 236.png in Resources */,
				0EB15A6E1F2024F40088A103 /* 14.png in Resources */,
				0E97D6B81F2D9CD500F23DD8 /* 313.png in Resources */,
				0E97D6D81F2D9CD500F23DD8 /* 669.png in Resources */,
				0E97D6951F2D9CD500F23DD8 /* 278.png in Resources */,
				0E97D68B1F2D9CD500F23DD8 /* 268.png in Resources */,
				0E97D6511F2D9CD500F23DD8 /* 210.png in Resources */,
				0E97D6901F2D9CD500F23DD8 /* 273.png in Resources */,
				0E97D6881F2D9CD500F23DD8 /* 265.png in Resources */,
				0E97D66E1F2D9CD500F23DD8 /* 239.png in Resources */,
				0EB15A741F2024F40088A103 /* 18-2.png in Resources */,
				0E97D6501F2D9CD500F23DD8 /* 209.png in Resources */,
				0E97D6791F2D9CD500F23DD8 /* 250.png in Resources */,
				0EB15A691F2024F40088A103 /* 10.png in Resources */,
				0EB15A811F2024F40088A103 /* 9.png in Resources */,
				0E97D6971F2D9CD500F23DD8 /* 280.png in Resources */,
				0E97D6721F2D9CD500F23DD8 /* 243.png in Resources */,
				0E97D6E31F2D9CD500F23DD8 /* 683.png in Resources */,
				0E97D6A91F2D9CD500F23DD8 /* 298.png in Resources */,
				0E97D6B61F2D9CD500F23DD8 /* 311.png in Resources */,
				0EB15A7E1F2024F40088A103 /* 6.png in Resources */,
				0E97D6891F2D9CD500F23DD8 /* 266.png in Resources */,
				0EB15A761F2024F40088A103 /* 19.png in Resources */,
				0E97D6D51F2D9CD500F23DD8 /* 342.png in Resources */,
				0E97D6621F2D9CD500F23DD8 /* 227.png in Resources */,
				0E97D6BF1F2D9CD500F23DD8 /* 320.png in Resources */,
				0E97D6631F2D9CD500F23DD8 /* 228.png in Resources */,
				0EB15A6A1F2024F40088A103 /* 11.png in Resources */,
				0E97D6A61F2D9CD500F23DD8 /* 295.png in Resources */,
				0E97D6691F2D9CD500F23DD8 /* 234.png in Resources */,
				0E97D6C51F2D9CD500F23DD8 /* 326.png in Resources */,
				0E97D6561F2D9CD500F23DD8 /* 215.png in Resources */,
				0E97D6921F2D9CD500F23DD8 /* 275.png in Resources */,
				0E97D65A1F2D9CD500F23DD8 /* 219.png in Resources */,
				0E97D6991F2D9CD500F23DD8 /* 282.png in Resources */,
				0E97D6831F2D9CD500F23DD8 /* 260.png in Resources */,
				0E97D6DE1F2D9CD500F23DD8 /* 678.png in Resources */,
				0E97D6CF1F2D9CD500F23DD8 /* 336.png in Resources */,
				0E97D65B1F2D9CD500F23DD8 /* 220.png in Resources */,
				0E97D6A31F2D9CD500F23DD8 /* 292.png in Resources */,
				0E97D66C1F2D9CD500F23DD8 /* 237.png in Resources */,
				0EB15A6D1F2024F40088A103 /* 13.png in Resources */,
				0E97D6731F2D9CD500F23DD8 /* 244.png in Resources */,
				0E97D64C1F2D9CD500F23DD8 /* 205.png in Resources */,
				0E97D69E1F2D9CD500F23DD8 /* 287.png in Resources */,
				0E97D68C1F2D9CD500F23DD8 /* 269.png in Resources */,
				0E97D64A1F2D9CD500F23DD8 /* 203.png in Resources */,
				0E97D68E1F2D9CD500F23DD8 /* 271.png in Resources */,
				0EB15A431F201FF20088A103 /* LaunchScreen.storyboard in Resources */,
				0E97D6751F2D9CD500F23DD8 /* 246.png in Resources */,
				0E97D6591F2D9CD500F23DD8 /* 218.png in Resources */,
				0E97D6A01F2D9CD500F23DD8 /* 289.png in Resources */,
				0E97D6B41F2D9CD500F23DD8 /* 309.png in Resources */,
				0E97D6A41F2D9CD500F23DD8 /* 293.png in Resources */,
				0EB15A681F2024F40088A103 /* 1.png in Resources */,
				0E97D6A71F2D9CD500F23DD8 /* 296.png in Resources */,
				0E97D6CE1F2D9CD500F23DD8 /* 335.png in Resources */,
				0E97D6BD1F2D9CD500F23DD8 /* 318.png in Resources */,
				0E97D6701F2D9CD500F23DD8 /* 241.png in Resources */,
				0E97D64E1F2D9CD500F23DD8 /* 207.png in Resources */,
				0E97D69A1F2D9CD500F23DD8 /* 283.png in Resources */,
				0EB15A7D1F2024F40088A103 /* 5.png in Resources */,
				0E97D6AF1F2D9CD500F23DD8 /* 304.png in Resources */,
				0E97D6BA1F2D9CD500F23DD8 /* 315.png in Resources */,
				0E97D6A21F2D9CD500F23DD8 /* 291.png in Resources */,
				0E97D6B31F2D9CD500F23DD8 /* 308.png in Resources */,
				0E97D67F1F2D9CD500F23DD8 /* 256.png in Resources */,
				0E97D6D21F2D9CD500F23DD8 /* 339.png in Resources */,
				0E97D6961F2D9CD500F23DD8 /* 279.png in Resources */,
				0E97D4231F295F0500F23DD8 /* TestSelectTableViewCell.xib in Resources */,
				0EB15A7B1F2024F40088A103 /* 3.png in Resources */,
				0E97D68A1F2D9CD500F23DD8 /* 267.png in Resources */,
				0E97D6E21F2D9CD500F23DD8 /* 682.png in Resources */,
				0EB15A7C1F2024F40088A103 /* 4.png in Resources */,
				0EB15A6C1F2024F40088A103 /* 12.png in Resources */,
				0EB15A821F2024F40088A103 /* bg.png in Resources */,
				0E97D6711F2D9CD500F23DD8 /* 242.png in Resources */,
				0E97D6AD1F2D9CD500F23DD8 /* 302.png in Resources */,
				0E97D68F1F2D9CD500F23DD8 /* 272.png in Resources */,
				0E97D65D1F2D9CD500F23DD8 /* 222.png in Resources */,
				0E97D6A11F2D9CD500F23DD8 /* 290.png in Resources */,
				0E97D6C21F2D9CD500F23DD8 /* 323.png in Resources */,
				0E97D6A51F2D9CD500F23DD8 /* 294.png in Resources */,
				0EB15A791F2024F40088A103 /* 21.png in Resources */,
				0E97D6DF1F2D9CD500F23DD8 /* 679.png in Resources */,
				0E97D6CA1F2D9CD500F23DD8 /* 331.png in Resources */,
				0E97D6B11F2D9CD500F23DD8 /* 306.png in Resources */,
				0E97D6AC1F2D9CD500F23DD8 /* 301.png in Resources */,
				0E97D6521F2D9CD500F23DD8 /* 211.png in Resources */,
				0EB15A401F201FF20088A103 /* Assets.xcassets in Resources */,
				0E97D6DC1F2D9CD500F23DD8 /* 673.png in Resources */,
				0E97D66D1F2D9CD500F23DD8 /* 238.png in Resources */,
				0E97D6611F2D9CD500F23DD8 /* 226.png in Resources */,
				0E97D69B1F2D9CD500F23DD8 /* 284.png in Resources */,
				0E97D6DB1F2D9CD500F23DD8 /* 672.png in Resources */,
				0E97D69F1F2D9CD500F23DD8 /* 288.png in Resources */,
				0E97D65F1F2D9CD500F23DD8 /* 224.png in Resources */,
				0EB15A751F2024F40088A103 /* 18.png in Resources */,
				0E97D64B1F2D9CD500F23DD8 /* 204.png in Resources */,
				0E97D6571F2D9CD500F23DD8 /* 216.png in Resources */,
				0E97D40E1F26B65300F23DD8 /* FirstTableViewCell.xib in Resources */,
				0E97D6C61F2D9CD500F23DD8 /* 327.png in Resources */,
				0E97D6551F2D9CD500F23DD8 /* 214.png in Resources */,
				0E97D6911F2D9CD500F23DD8 /* 274.png in Resources */,
				0E97D6861F2D9CD500F23DD8 /* 263.png in Resources */,
				0E97D6C91F2D9CD500F23DD8 /* 330.png in Resources */,
				0EB15A801F2024F40088A103 /* 8.png in Resources */,
				0E97D6E41F2D9CD500F23DD8 /* 684.png in Resources */,
				0E97D69D1F2D9CD500F23DD8 /* 286.png in Resources */,
				0E97D6781F2D9CD500F23DD8 /* 249.png in Resources */,
				0E97D6601F2D9CD500F23DD8 /* 225.png in Resources */,
				0E97D6B51F2D9CD500F23DD8 /* 310.png in Resources */,
				0E97D6B71F2D9CD500F23DD8 /* 312.png in Resources */,
				0E97D6BE1F2D9CD500F23DD8 /* 319.png in Resources */,
				0E97D6981F2D9CD500F23DD8 /* 281.png in Resources */,
				0E97D6BB1F2D9CD500F23DD8 /* 316.png in Resources */,
				0E97D6681F2D9CD500F23DD8 /* 233.png in Resources */,
				0E97D69C1F2D9CD500F23DD8 /* 285.png in Resources */,
				0EB15A731F2024F40088A103 /* 17.png in Resources */,
				0E97D6B91F2D9CD500F23DD8 /* 314.png in Resources */,
				0E97D6D91F2D9CD500F23DD8 /* 670.png in Resources */,
				0E97D6821F2D9CD500F23DD8 /* 259.png in Resources */,
				0E97D6871F2D9CD500F23DD8 /* 264.png in Resources */,
				0EB15A6B1F2024F40088A103 /* 111q.png in Resources */,
				0E97D67E1F2D9CD500F23DD8 /* 255.png in Resources */,
				0E97D6661F2D9CD500F23DD8 /* 231.png in Resources */,
				0E97D6E11F2D9CD500F23DD8 /* 681.png in Resources */,
				0E97D6CC1F2D9CD500F23DD8 /* 333.png in Resources */,
				0E97D65E1F2D9CD500F23DD8 /* 223.png in Resources */,
				0E97D6651F2D9CD500F23DD8 /* 230.png in Resources */,
				0E97D6C81F2D9CD500F23DD8 /* 329.png in Resources */,
				0E97D6671F2D9CD500F23DD8 /* 232.png in Resources */,
				0E97D6D71F2D9CD500F23DD8 /* 668.png in Resources */,
				0E97D6DA1F2D9CD500F23DD8 /* 671.png in Resources */,
				0E97D6DD1F2D9CD500F23DD8 /* 677.png in Resources */,
				0EE4B5831F4005DE0076A770 /* AnswerTableViewCell.xib in Resources */,
				0E97D6C11F2D9CD500F23DD8 /* 322.png in Resources */,
				0E97D6811F2D9CD500F23DD8 /* 258.png in Resources */,
				0E97D68D1F2D9CD500F23DD8 /* 270.png in Resources */,
				0E97D6D11F2D9CD500F23DD8 /* 338.png in Resources */,
				0E97D64D1F2D9CD500F23DD8 /* 206.png in Resources */,
				0EB15A781F2024F40088A103 /* 20.png in Resources */,
				0E97D67A1F2D9CD500F23DD8 /* 251.png in Resources */,
				0EB15A701F2024F40088A103 /* 16-2.png in Resources */,
				0E97D6D61F2D9CD500F23DD8 /* 343.png in Resources */,
				0E97D6741F2D9CD500F23DD8 /* 245.png in Resources */,
				0E97D6801F2D9CD500F23DD8 /* 257.png in Resources */,
				0E97D6C31F2D9CD500F23DD8 /* 324.png in Resources */,
				0E97D64F1F2D9CD500F23DD8 /* 208.png in Resources */,
				0EB15A771F2024F40088A103 /* 2.png in Resources */,
				0E97D6851F2D9CD500F23DD8 /* 262.png in Resources */,
				0E97D6E01F2D9CD500F23DD8 /* 680.png in Resources */,
				0E97D6841F2D9CD500F23DD8 /* 261.png in Resources */,
				0E97D6C41F2D9CD500F23DD8 /* 325.png in Resources */,
				0E97D65C1F2D9CD500F23DD8 /* 221.png in Resources */,
				0E97D6AB1F2D9CD500F23DD8 /* 300.png in Resources */,
				0E97D6EC1F2D9CD500F23DD8 /* data.sqlite in Resources */,
				0E97D6761F2D9CD500F23DD8 /* 247.png in Resources */,
				0EB15A3E1F201FF20088A103 /* Main.storyboard in Resources */,
				0E97D6BC1F2D9CD500F23DD8 /* 317.png in Resources */,
				0E97D67C1F2D9CD500F23DD8 /* 253.png in Resources */,
				0E97D6AE1F2D9CD500F23DD8 /* 303.png in Resources */,
				0E97D6D31F2D9CD500F23DD8 /* 340.png in Resources */,
				0EB15A6F1F2024F40088A103 /* 15.png in Resources */,
				0E97D67B1F2D9CD500F23DD8 /* 252.png in Resources */,
				0E97D6D01F2D9CD500F23DD8 /* 337.png in Resources */,
				0E97D6931F2D9CD500F23DD8 /* 276.png in Resources */,
			);
			runOnlyForDeploymentPostprocessing = 0;
		};
/* End PBXResourcesBuildPhase section */

/* Begin PBXSourcesBuildPhase section */
		0EB15A2C1F201FF20088A103 /* Sources */ = {
			isa = PBXSourcesBuildPhase;
			buildActionMask = 2147483647;
			files = (
				0EB15A3B1F201FF20088A103 /* ViewController.m in Sources */,
				0EB15A381F201FF20088A103 /* AppDelegate.m in Sources */,
				0EE4B5821F4005DE0076A770 /* AnswerTableViewCell.m in Sources */,
				0E97D40D1F26B65300F23DD8 /* FirstTableViewCell.m in Sources */,
				0E97D6F31F2E9FFE00F23DD8 /* MyDataManager.m in Sources */,
				0E97D6E71F2D9CD500F23DD8 /* FMDatabase.m in Sources */,
				0E97D41E1F295A4900F23DD8 /* TestSelectViewController.m in Sources */,
				0E97D6EA1F2D9CD500F23DD8 /* FMDatabaseQueue.m in Sources */,
				0EE4B57E1F3EB4150076A770 /* AnswerScrollView.m in Sources */,
				0E97D6EB1F2D9CD500F23DD8 /* FMResultSet.m in Sources */,
				0E97D6E91F2D9CD500F23DD8 /* FMDatabasePool.m in Sources */,
				0E2A1A7A1F42EAC8007636B5 /* Tools.m in Sources */,
				0E43DD7B1F256BF900D1B504 /* FirstViewController.m in Sources */,
				0E2A1A771F42E70A007636B5 /* AnswerModel.m in Sources */,
				0EB15AAB1F2179D80088A103 /* SelectView.m in Sources */,
				0EB15A351F201FF20088A103 /* main.m in Sources */,
				0E97D4221F295F0500F23DD8 /* TestSelectTableViewCell.m in Sources */,
				0E97D6E81F2D9CD500F23DD8 /* FMDatabaseAdditions.m in Sources */,
				0EE4B5861F41143A0076A770 /* AnswerViewController.m in Sources */,
				0E2203141F2FF562007210A4 /* TestSelectModel.m in Sources */,
			);
			runOnlyForDeploymentPostprocessing = 0;
		};
/* End PBXSourcesBuildPhase section */

/* Begin PBXVariantGroup section */
		0EB15A3C1F201FF20088A103 /* Main.storyboard */ = {
			isa = PBXVariantGroup;
			children = (
				0EB15A3D1F201FF20088A103 /* Base */,
			);
			name = Main.storyboard;
			sourceTree = "<group>";
		};
		0EB15A411F201FF20088A103 /* LaunchScreen.storyboard */ = {
			isa = PBXVariantGroup;
			children = (
				0EB15A421F201FF20088A103 /* Base */,
			);
			name = LaunchScreen.storyboard;
			sourceTree = "<group>";
		};
/* End PBXVariantGroup section */

/* Begin XCBuildConfiguration section */
		0EB15A451F201FF20088A103 /* Debug */ = {
			isa = XCBuildConfiguration;
			buildSettings = {
				ALWAYS_SEARCH_USER_PATHS = NO;
				CLANG_ANALYZER_NONNULL = YES;
				CLANG_ANALYZER_NUMBER_OBJECT_CONVERSION = YES_AGGRESSIVE;
				CLANG_CXX_LANGUAGE_STANDARD = "gnu++0x";
				CLANG_CXX_LIBRARY = "libc++";
				CLANG_ENABLE_MODULES = YES;
				CLANG_ENABLE_OBJC_ARC = YES;
				CLANG_WARN_BOOL_CONVERSION = YES;
				CLANG_WARN_CONSTANT_CONVERSION = YES;
				CLANG_WARN_DIRECT_OBJC_ISA_USAGE = YES_ERROR;
				CLANG_WARN_DOCUMENTATION_COMMENTS = YES;
				CLANG_WARN_EMPTY_BODY = YES;
				CLANG_WARN_ENUM_CONVERSION = YES;
				CLANG_WARN_INFINITE_RECURSION = YES;
				CLANG_WARN_INT_CONVERSION = YES;
				CLANG_WARN_OBJC_ROOT_CLASS = YES_ERROR;
				CLANG_WARN_SUSPICIOUS_MOVE = YES;
				CLANG_WARN_UNREACHABLE_CODE = YES;
				CLANG_WARN__DUPLICATE_METHOD_MATCH = YES;
				"CODE_SIGN_IDENTITY[sdk=iphoneos*]" = "iPhone Developer";
				COPY_PHASE_STRIP = NO;
				DEBUG_INFORMATION_FORMAT = dwarf;
				ENABLE_STRICT_OBJC_MSGSEND = YES;
				ENABLE_TESTABILITY = YES;
				GCC_C_LANGUAGE_STANDARD = gnu99;
				GCC_DYNAMIC_NO_PIC = NO;
				GCC_NO_COMMON_BLOCKS = YES;
				GCC_OPTIMIZATION_LEVEL = 0;
				GCC_PREPROCESSOR_DEFINITIONS = (
					"DEBUG=1",
					"$(inherited)",
				);
				GCC_WARN_64_TO_32_BIT_CONVERSION = YES;
				GCC_WARN_ABOUT_RETURN_TYPE = YES_ERROR;
				GCC_WARN_UNDECLARED_SELECTOR = YES;
				GCC_WARN_UNINITIALIZED_AUTOS = YES_AGGRESSIVE;
				GCC_WARN_UNUSED_FUNCTION = YES;
				GCC_WARN_UNUSED_VARIABLE = YES;
				IPHONEOS_DEPLOYMENT_TARGET = 10.3;
				MTL_ENABLE_DEBUG_INFO = YES;
				ONLY_ACTIVE_ARCH = YES;
				SDKROOT = iphoneos;
				TARGETED_DEVICE_FAMILY = "1,2";
			};
			name = Debug;
		};
		0EB15A461F201FF20088A103 /* Release */ = {
			isa = XCBuildConfiguration;
			buildSettings = {
				ALWAYS_SEARCH_USER_PATHS = NO;
				CLANG_ANALYZER_NONNULL = YES;
				CLANG_ANALYZER_NUMBER_OBJECT_CONVERSION = YES_AGGRESSIVE;
				CLANG_CXX_LANGUAGE_STANDARD = "gnu++0x";
				CLANG_CXX_LIBRARY = "libc++";
				CLANG_ENABLE_MODULES = YES;
				CLANG_ENABLE_OBJC_ARC = YES;
				CLANG_WARN_BOOL_CONVERSION = YES;
				CLANG_WARN_CONSTANT_CONVERSION = YES;
				CLANG_WARN_DIRECT_OBJC_ISA_USAGE = YES_ERROR;
				CLANG_WARN_DOCUMENTATION_COMMENTS = YES;
				CLANG_WARN_EMPTY_BODY = YES;
				CLANG_WARN_ENUM_CONVERSION = YES;
				CLANG_WARN_INFINITE_RECURSION = YES;
				CLANG_WARN_INT_CONVERSION = YES;
				CLANG_WARN_OBJC_ROOT_CLASS = YES_ERROR;
				CLANG_WARN_SUSPICIOUS_MOVE = YES;
				CLANG_WARN_UNREACHABLE_CODE = YES;
				CLANG_WARN__DUPLICATE_METHOD_MATCH = YES;
				"CODE_SIGN_IDENTITY[sdk=iphoneos*]" = "iPhone Developer";
				COPY_PHASE_STRIP = NO;
				DEBUG_INFORMATION_FORMAT = "dwarf-with-dsym";
				ENABLE_NS_ASSERTIONS = NO;
				ENABLE_STRICT_OBJC_MSGSEND = YES;
				GCC_C_LANGUAGE_STANDARD = gnu99;
				GCC_NO_COMMON_BLOCKS = YES;
				GCC_WARN_64_TO_32_BIT_CONVERSION = YES;
				GCC_WARN_ABOUT_RETURN_TYPE = YES_ERROR;
				GCC_WARN_UNDECLARED_SELECTOR = YES;
				GCC_WARN_UNINITIALIZED_AUTOS = YES_AGGRESSIVE;
				GCC_WARN_UNUSED_FUNCTION = YES;
				GCC_WARN_UNUSED_VARIABLE = YES;
				IPHONEOS_DEPLOYMENT_TARGET = 10.3;
				MTL_ENABLE_DEBUG_INFO = NO;
				SDKROOT = iphoneos;
				TARGETED_DEVICE_FAMILY = "1,2";
				VALIDATE_PRODUCT = YES;
			};
			name = Release;
		};
		0EB15A481F201FF20088A103 /* Debug */ = {
			isa = XCBuildConfiguration;
			buildSettings = {
				ASSETCATALOG_COMPILER_APPICON_NAME = AppIcon;
				DEVELOPMENT_TEAM = W6K43KA5J6;
				INFOPLIST_FILE = StudyDrive/Info.plist;
				LD_RUNPATH_SEARCH_PATHS = "$(inherited) @executable_path/Frameworks";
				PRODUCT_BUNDLE_IDENTIFIER = com.lee.StudyDrive;
				PRODUCT_NAME = "$(TARGET_NAME)";
			};
			name = Debug;
		};
		0EB15A491F201FF20088A103 /* Release */ = {
			isa = XCBuildConfiguration;
			buildSettings = {
				ASSETCATALOG_COMPILER_APPICON_NAME = AppIcon;
				DEVELOPMENT_TEAM = W6K43KA5J6;
				INFOPLIST_FILE = StudyDrive/Info.plist;
				LD_RUNPATH_SEARCH_PATHS = "$(inherited) @executable_path/Frameworks";
				PRODUCT_BUNDLE_IDENTIFIER = com.lee.StudyDrive;
				PRODUCT_NAME = "$(TARGET_NAME)";
			};
			name = Release;
		};
/* End XCBuildConfiguration section */

/* Begin XCConfigurationList section */
		0EB15A2B1F201FF20088A103 /* Build configuration list for PBXProject "StudyDrive" */ = {
			isa = XCConfigurationList;
			buildConfigurations = (
				0EB15A451F201FF20088A103 /* Debug */,
				0EB15A461F201FF20088A103 /* Release */,
			);
			defaultConfigurationIsVisible = 0;
			defaultConfigurationName = Release;
		};
		0EB15A471F201FF20088A103 /* Build configuration list for PBXNativeTarget "StudyDrive" */ = {
			isa = XCConfigurationList;
			buildConfigurations = (
				0EB15A481F201FF20088A103 /* Debug */,
				0EB15A491F201FF20088A103 /* Release */,
			);
			defaultConfigurationIsVisible = 0;
			defaultConfigurationName = Release;
		};
/* End XCConfigurationList section */
	};
	rootObject = 0EB15A281F201FF20088A103 /* Project object */;
}
